// !$*UTF8*$!
{
	archiveVersion = 1;
	classes = {
	};
	objectVersion = 51;
	objects = {

/* Begin PBXBuildFile section */
		3FDD35238DF8F48142B9F9F1 /* Pods_BeMe.framework in Frameworks */ = {isa = PBXBuildFile; fileRef = FE9DABE27D9C7D77517D82AB /* Pods_BeMe.framework */; };
		A578D4E1259E727C00F69908 /* Answer.storyboard in Resources */ = {isa = PBXBuildFile; fileRef = A578D4E0259E727C00F69908 /* Answer.storyboard */; };
		A578D4E4259E728500F69908 /* AnswerVC.swift in Sources */ = {isa = PBXBuildFile; fileRef = A578D4E3259E728500F69908 /* AnswerVC.swift */; };
		EC737F19259D867A0035207F /* CustomTodayCardView.swift in Sources */ = {isa = PBXBuildFile; fileRef = EC737F18259D867A0035207F /* CustomTodayCardView.swift */; };
		EC737F1C259D8B9E0035207F /* CustomAddCardView.swift in Sources */ = {isa = PBXBuildFile; fileRef = EC737F1B259D8B9E0035207F /* CustomAddCardView.swift */; };
		EC737F21259DB2C40035207F /* FollowUpperCVC.swift in Sources */ = {isa = PBXBuildFile; fileRef = EC737F20259DB2C40035207F /* FollowUpperCVC.swift */; };
		EC7C1601259B469D00A5BA4C /* UIViewController+Extensions.swift in Sources */ = {isa = PBXBuildFile; fileRef = EC7C1600259B469D00A5BA4C /* UIViewController+Extensions.swift */; };
		EC7C1605259B485D00A5BA4C /* CustomAlertView.swift in Sources */ = {isa = PBXBuildFile; fileRef = EC7C1604259B485D00A5BA4C /* CustomAlertView.swift */; };
		EC7C160F259B8B8100A5BA4C /* Following.storyboard in Resources */ = {isa = PBXBuildFile; fileRef = EC7C160E259B8B8100A5BA4C /* Following.storyboard */; };
		EC7C1612259B8BA100A5BA4C /* FollowingVC.swift in Sources */ = {isa = PBXBuildFile; fileRef = EC7C1611259B8BA100A5BA4C /* FollowingVC.swift */; };
		EC7C1615259B925A00A5BA4C /* FollowingPVC.swift in Sources */ = {isa = PBXBuildFile; fileRef = EC7C1614259B925A00A5BA4C /* FollowingPVC.swift */; };
		EC7C1618259B933F00A5BA4C /* FollowInfo.storyboard in Resources */ = {isa = PBXBuildFile; fileRef = EC7C1617259B933F00A5BA4C /* FollowInfo.storyboard */; };
		EC7C161B259B9A9200A5BA4C /* FollowingInfoVC.swift in Sources */ = {isa = PBXBuildFile; fileRef = EC7C161A259B9A9200A5BA4C /* FollowingInfoVC.swift */; };
		EC7C161E259B9B0F00A5BA4C /* FollowingPeopleCVC.swift in Sources */ = {isa = PBXBuildFile; fileRef = EC7C161D259B9B0F00A5BA4C /* FollowingPeopleCVC.swift */; };
		EC7C1621259B9B8800A5BA4C /* FollowingPersonCVC.swift in Sources */ = {isa = PBXBuildFile; fileRef = EC7C1620259B9B8800A5BA4C /* FollowingPersonCVC.swift */; };
		EC7C1624259B9CA500A5BA4C /* FollowingHeaderCVC.swift in Sources */ = {isa = PBXBuildFile; fileRef = EC7C1623259B9CA500A5BA4C /* FollowingHeaderCVC.swift */; };
		EC7C1627259B9CE200A5BA4C /* FollowingCardCVC.swift in Sources */ = {isa = PBXBuildFile; fileRef = EC7C1626259B9CE200A5BA4C /* FollowingCardCVC.swift */; };
		EC7C162A259BA01200A5BA4C /* FollowerInfoVC.swift in Sources */ = {isa = PBXBuildFile; fileRef = EC7C1629259BA01200A5BA4C /* FollowerInfoVC.swift */; };
		EC7C1631259BACF100A5BA4C /* FollowerPeopleCVC.swift in Sources */ = {isa = PBXBuildFile; fileRef = EC7C1630259BACF100A5BA4C /* FollowerPeopleCVC.swift */; };
		EC7C1634259BAD0600A5BA4C /* FollowerPersonCVC.swift in Sources */ = {isa = PBXBuildFile; fileRef = EC7C1633259BAD0600A5BA4C /* FollowerPersonCVC.swift */; };
		EC7C1637259BAD1A00A5BA4C /* FollowerHeaderCVC.swift in Sources */ = {isa = PBXBuildFile; fileRef = EC7C1636259BAD1A00A5BA4C /* FollowerHeaderCVC.swift */; };
		EC7C163A259BAD2D00A5BA4C /* FollowerCardCVC.swift in Sources */ = {isa = PBXBuildFile; fileRef = EC7C1639259BAD2D00A5BA4C /* FollowerCardCVC.swift */; };
		EC813F242599A15100BBCE25 /* AppDelegate.swift in Sources */ = {isa = PBXBuildFile; fileRef = EC813F232599A15100BBCE25 /* AppDelegate.swift */; };
		EC813F262599A15100BBCE25 /* SceneDelegate.swift in Sources */ = {isa = PBXBuildFile; fileRef = EC813F252599A15100BBCE25 /* SceneDelegate.swift */; };
		EC813F282599A15100BBCE25 /* ViewController.swift in Sources */ = {isa = PBXBuildFile; fileRef = EC813F272599A15100BBCE25 /* ViewController.swift */; };
		EC813F2B2599A15100BBCE25 /* Main.storyboard in Resources */ = {isa = PBXBuildFile; fileRef = EC813F292599A15100BBCE25 /* Main.storyboard */; };
		EC813F2D2599A15200BBCE25 /* Assets.xcassets in Resources */ = {isa = PBXBuildFile; fileRef = EC813F2C2599A15200BBCE25 /* Assets.xcassets */; };
		EC813F302599A15200BBCE25 /* LaunchScreen.storyboard in Resources */ = {isa = PBXBuildFile; fileRef = EC813F2E2599A15200BBCE25 /* LaunchScreen.storyboard */; };
		EC813F432599A42700BBCE25 /* APIConstants.swift in Sources */ = {isa = PBXBuildFile; fileRef = EC813F422599A42700BBCE25 /* APIConstants.swift */; };
		EC813F462599A44F00BBCE25 /* GenericResponse.swift in Sources */ = {isa = PBXBuildFile; fileRef = EC813F452599A44F00BBCE25 /* GenericResponse.swift */; };
		EC813F492599A59500BBCE25 /* NetworkResult.swift in Sources */ = {isa = PBXBuildFile; fileRef = EC813F482599A59500BBCE25 /* NetworkResult.swift */; };
		EC813F612599F3E900BBCE25 /* UIColor+Extensions.swift in Sources */ = {isa = PBXBuildFile; fileRef = EC813F602599F3E900BBCE25 /* UIColor+Extensions.swift */; };
		EC813F652599F40800BBCE25 /* UIView+Extensions.swift in Sources */ = {isa = PBXBuildFile; fileRef = EC813F642599F40800BBCE25 /* UIView+Extensions.swift */; };
		EC813F732599F84F00BBCE25 /* Home.storyboard in Resources */ = {isa = PBXBuildFile; fileRef = EC813F722599F84F00BBCE25 /* Home.storyboard */; };
		EC813F772599F86900BBCE25 /* HomeVC.swift in Sources */ = {isa = PBXBuildFile; fileRef = EC813F762599F86900BBCE25 /* HomeVC.swift */; };
		EC813F7B2599F88D00BBCE25 /* PastCardCVC.swift in Sources */ = {isa = PBXBuildFile; fileRef = EC813F7A2599F88D00BBCE25 /* PastCardCVC.swift */; };
		EC813F7E2599F89A00BBCE25 /* NewCardCVC.swift in Sources */ = {isa = PBXBuildFile; fileRef = EC813F7D2599F89A00BBCE25 /* NewCardCVC.swift */; };
		EC813F812599F8A800BBCE25 /* AddCardCVC.swift in Sources */ = {isa = PBXBuildFile; fileRef = EC813F802599F8A800BBCE25 /* AddCardCVC.swift */; };
		EC89E306259C1CA600DBAFE5 /* FollowSearch.storyboard in Resources */ = {isa = PBXBuildFile; fileRef = EC89E305259C1CA600DBAFE5 /* FollowSearch.storyboard */; };
		EC89E309259C1CC700DBAFE5 /* FollowSearchVC.swift in Sources */ = {isa = PBXBuildFile; fileRef = EC89E308259C1CC700DBAFE5 /* FollowSearchVC.swift */; };
		EC89E30C259C273400DBAFE5 /* FollowingSearchVC.swift in Sources */ = {isa = PBXBuildFile; fileRef = EC89E30B259C273400DBAFE5 /* FollowingSearchVC.swift */; };
		EC89E30F259C274200DBAFE5 /* FollowerSearchVC.swift in Sources */ = {isa = PBXBuildFile; fileRef = EC89E30E259C274200DBAFE5 /* FollowerSearchVC.swift */; };
		EC89E313259C27DF00DBAFE5 /* FollowingSearchCVC.swift in Sources */ = {isa = PBXBuildFile; fileRef = EC89E312259C27DF00DBAFE5 /* FollowingSearchCVC.swift */; };
		EC89E316259C280200DBAFE5 /* FollowingListCVC.swift in Sources */ = {isa = PBXBuildFile; fileRef = EC89E315259C280200DBAFE5 /* FollowingListCVC.swift */; };
		EC89E319259C281100DBAFE5 /* FollowerSearchCVC.swift in Sources */ = {isa = PBXBuildFile; fileRef = EC89E318259C281100DBAFE5 /* FollowerSearchCVC.swift */; };
		EC89E31C259C281F00DBAFE5 /* FollowerListCVC.swift in Sources */ = {isa = PBXBuildFile; fileRef = EC89E31B259C281F00DBAFE5 /* FollowerListCVC.swift */; };
		EC89E31F259C2B0800DBAFE5 /* FollowingSearchPVC.swift in Sources */ = {isa = PBXBuildFile; fileRef = EC89E31E259C2B0800DBAFE5 /* FollowingSearchPVC.swift */; };
		EC89E322259C376500DBAFE5 /* FollowPeopleCVC.swift in Sources */ = {isa = PBXBuildFile; fileRef = EC89E321259C376500DBAFE5 /* FollowPeopleCVC.swift */; };
		EC89E325259C377400DBAFE5 /* FollowPersonCVC.swift in Sources */ = {isa = PBXBuildFile; fileRef = EC89E324259C377400DBAFE5 /* FollowPersonCVC.swift */; };
		EC89E328259C378300DBAFE5 /* FollowHeaderCVC.swift in Sources */ = {isa = PBXBuildFile; fileRef = EC89E327259C378300DBAFE5 /* FollowHeaderCVC.swift */; };
		EC89E32B259C378F00DBAFE5 /* FollowCardCVC.swift in Sources */ = {isa = PBXBuildFile; fileRef = EC89E32A259C378F00DBAFE5 /* FollowCardCVC.swift */; };
		EC89E32E259C496C00DBAFE5 /* FollowMoreButtonCVC.swift in Sources */ = {isa = PBXBuildFile; fileRef = EC89E32D259C496C00DBAFE5 /* FollowMoreButtonCVC.swift */; };
		EC89E336259C4E7400DBAFE5 /* UnderTab.storyboard in Resources */ = {isa = PBXBuildFile; fileRef = EC89E335259C4E7400DBAFE5 /* UnderTab.storyboard */; };
		EC89E339259C507300DBAFE5 /* UnderTabBarController.swift in Sources */ = {isa = PBXBuildFile; fileRef = EC89E338259C507300DBAFE5 /* UnderTabBarController.swift */; };
		EC89E33F259C5EBB00DBAFE5 /* HomeCardCustomFlowLayout.swift in Sources */ = {isa = PBXBuildFile; fileRef = EC89E33E259C5EBB00DBAFE5 /* HomeCardCustomFlowLayout.swift */; };
/* End PBXBuildFile section */

/* Begin PBXFileReference section */
		3A09AD0A5B04C9B6819B2606 /* Pods-BeMe.debug.xcconfig */ = {isa = PBXFileReference; includeInIndex = 1; lastKnownFileType = text.xcconfig; name = "Pods-BeMe.debug.xcconfig"; path = "Target Support Files/Pods-BeMe/Pods-BeMe.debug.xcconfig"; sourceTree = "<group>"; };
		81614202856C8826262057FD /* Pods-BeMe.release.xcconfig */ = {isa = PBXFileReference; includeInIndex = 1; lastKnownFileType = text.xcconfig; name = "Pods-BeMe.release.xcconfig"; path = "Target Support Files/Pods-BeMe/Pods-BeMe.release.xcconfig"; sourceTree = "<group>"; };
		A578D4E0259E727C00F69908 /* Answer.storyboard */ = {isa = PBXFileReference; fileEncoding = 4; lastKnownFileType = file.storyboard; name = Answer.storyboard; path = BeMe/Answer/s/Answer.storyboard; sourceTree = SOURCE_ROOT; };
		A578D4E3259E728500F69908 /* AnswerVC.swift */ = {isa = PBXFileReference; fileEncoding = 4; lastKnownFileType = sourcecode.swift; name = AnswerVC.swift; path = BeMe/Answer/ss/AnswerVC.swift; sourceTree = SOURCE_ROOT; };
		EC737F18259D867A0035207F /* CustomTodayCardView.swift */ = {isa = PBXFileReference; lastKnownFileType = sourcecode.swift; path = CustomTodayCardView.swift; sourceTree = "<group>"; };
		EC737F1B259D8B9E0035207F /* CustomAddCardView.swift */ = {isa = PBXFileReference; lastKnownFileType = sourcecode.swift; path = CustomAddCardView.swift; sourceTree = "<group>"; };
		EC737F20259DB2C40035207F /* FollowUpperCVC.swift */ = {isa = PBXFileReference; lastKnownFileType = sourcecode.swift; path = FollowUpperCVC.swift; sourceTree = "<group>"; };
		EC7C1600259B469D00A5BA4C /* UIViewController+Extensions.swift */ = {isa = PBXFileReference; lastKnownFileType = sourcecode.swift; path = "UIViewController+Extensions.swift"; sourceTree = "<group>"; };
		EC7C1604259B485D00A5BA4C /* CustomAlertView.swift */ = {isa = PBXFileReference; lastKnownFileType = sourcecode.swift; path = CustomAlertView.swift; sourceTree = "<group>"; };
		EC7C160E259B8B8100A5BA4C /* Following.storyboard */ = {isa = PBXFileReference; lastKnownFileType = file.storyboard; path = Following.storyboard; sourceTree = "<group>"; };
		EC7C1611259B8BA100A5BA4C /* FollowingVC.swift */ = {isa = PBXFileReference; lastKnownFileType = sourcecode.swift; path = FollowingVC.swift; sourceTree = "<group>"; };
		EC7C1614259B925A00A5BA4C /* FollowingPVC.swift */ = {isa = PBXFileReference; lastKnownFileType = sourcecode.swift; path = FollowingPVC.swift; sourceTree = "<group>"; };
		EC7C1617259B933F00A5BA4C /* FollowInfo.storyboard */ = {isa = PBXFileReference; lastKnownFileType = file.storyboard; path = FollowInfo.storyboard; sourceTree = "<group>"; };
		EC7C161A259B9A9200A5BA4C /* FollowingInfoVC.swift */ = {isa = PBXFileReference; lastKnownFileType = sourcecode.swift; path = FollowingInfoVC.swift; sourceTree = "<group>"; };
		EC7C161D259B9B0F00A5BA4C /* FollowingPeopleCVC.swift */ = {isa = PBXFileReference; lastKnownFileType = sourcecode.swift; path = FollowingPeopleCVC.swift; sourceTree = "<group>"; };
		EC7C1620259B9B8800A5BA4C /* FollowingPersonCVC.swift */ = {isa = PBXFileReference; lastKnownFileType = sourcecode.swift; path = FollowingPersonCVC.swift; sourceTree = "<group>"; };
		EC7C1623259B9CA500A5BA4C /* FollowingHeaderCVC.swift */ = {isa = PBXFileReference; lastKnownFileType = sourcecode.swift; path = FollowingHeaderCVC.swift; sourceTree = "<group>"; };
		EC7C1626259B9CE200A5BA4C /* FollowingCardCVC.swift */ = {isa = PBXFileReference; lastKnownFileType = sourcecode.swift; path = FollowingCardCVC.swift; sourceTree = "<group>"; };
		EC7C1629259BA01200A5BA4C /* FollowerInfoVC.swift */ = {isa = PBXFileReference; lastKnownFileType = sourcecode.swift; path = FollowerInfoVC.swift; sourceTree = "<group>"; };
		EC7C1630259BACF100A5BA4C /* FollowerPeopleCVC.swift */ = {isa = PBXFileReference; lastKnownFileType = sourcecode.swift; path = FollowerPeopleCVC.swift; sourceTree = "<group>"; };
		EC7C1633259BAD0600A5BA4C /* FollowerPersonCVC.swift */ = {isa = PBXFileReference; lastKnownFileType = sourcecode.swift; path = FollowerPersonCVC.swift; sourceTree = "<group>"; };
		EC7C1636259BAD1A00A5BA4C /* FollowerHeaderCVC.swift */ = {isa = PBXFileReference; lastKnownFileType = sourcecode.swift; path = FollowerHeaderCVC.swift; sourceTree = "<group>"; };
		EC7C1639259BAD2D00A5BA4C /* FollowerCardCVC.swift */ = {isa = PBXFileReference; lastKnownFileType = sourcecode.swift; path = FollowerCardCVC.swift; sourceTree = "<group>"; };
		EC813F202599A15100BBCE25 /* BeMe.app */ = {isa = PBXFileReference; explicitFileType = wrapper.application; includeInIndex = 0; path = BeMe.app; sourceTree = BUILT_PRODUCTS_DIR; };
		EC813F232599A15100BBCE25 /* AppDelegate.swift */ = {isa = PBXFileReference; lastKnownFileType = sourcecode.swift; path = AppDelegate.swift; sourceTree = "<group>"; };
		EC813F252599A15100BBCE25 /* SceneDelegate.swift */ = {isa = PBXFileReference; lastKnownFileType = sourcecode.swift; path = SceneDelegate.swift; sourceTree = "<group>"; };
		EC813F272599A15100BBCE25 /* ViewController.swift */ = {isa = PBXFileReference; lastKnownFileType = sourcecode.swift; path = ViewController.swift; sourceTree = "<group>"; };
		EC813F2A2599A15100BBCE25 /* Base */ = {isa = PBXFileReference; lastKnownFileType = file.storyboard; name = Base; path = Base.lproj/Main.storyboard; sourceTree = "<group>"; };
		EC813F2C2599A15200BBCE25 /* Assets.xcassets */ = {isa = PBXFileReference; lastKnownFileType = folder.assetcatalog; path = Assets.xcassets; sourceTree = "<group>"; };
		EC813F2F2599A15200BBCE25 /* Base */ = {isa = PBXFileReference; lastKnownFileType = file.storyboard; name = Base; path = Base.lproj/LaunchScreen.storyboard; sourceTree = "<group>"; };
		EC813F312599A15200BBCE25 /* Info.plist */ = {isa = PBXFileReference; lastKnownFileType = text.plist.xml; path = Info.plist; sourceTree = "<group>"; };
		EC813F422599A42700BBCE25 /* APIConstants.swift */ = {isa = PBXFileReference; lastKnownFileType = sourcecode.swift; path = APIConstants.swift; sourceTree = "<group>"; };
		EC813F452599A44F00BBCE25 /* GenericResponse.swift */ = {isa = PBXFileReference; lastKnownFileType = sourcecode.swift; path = GenericResponse.swift; sourceTree = "<group>"; };
		EC813F482599A59500BBCE25 /* NetworkResult.swift */ = {isa = PBXFileReference; lastKnownFileType = sourcecode.swift; path = NetworkResult.swift; sourceTree = "<group>"; };
		EC813F602599F3E900BBCE25 /* UIColor+Extensions.swift */ = {isa = PBXFileReference; lastKnownFileType = sourcecode.swift; path = "UIColor+Extensions.swift"; sourceTree = "<group>"; };
		EC813F642599F40800BBCE25 /* UIView+Extensions.swift */ = {isa = PBXFileReference; lastKnownFileType = sourcecode.swift; path = "UIView+Extensions.swift"; sourceTree = "<group>"; };
		EC813F722599F84F00BBCE25 /* Home.storyboard */ = {isa = PBXFileReference; lastKnownFileType = file.storyboard; path = Home.storyboard; sourceTree = "<group>"; };
		EC813F762599F86900BBCE25 /* HomeVC.swift */ = {isa = PBXFileReference; lastKnownFileType = sourcecode.swift; path = HomeVC.swift; sourceTree = "<group>"; };
		EC813F7A2599F88D00BBCE25 /* PastCardCVC.swift */ = {isa = PBXFileReference; lastKnownFileType = sourcecode.swift; path = PastCardCVC.swift; sourceTree = "<group>"; };
		EC813F7D2599F89A00BBCE25 /* NewCardCVC.swift */ = {isa = PBXFileReference; lastKnownFileType = sourcecode.swift; path = NewCardCVC.swift; sourceTree = "<group>"; };
		EC813F802599F8A800BBCE25 /* AddCardCVC.swift */ = {isa = PBXFileReference; lastKnownFileType = sourcecode.swift; path = AddCardCVC.swift; sourceTree = "<group>"; };
		EC89E305259C1CA600DBAFE5 /* FollowSearch.storyboard */ = {isa = PBXFileReference; lastKnownFileType = file.storyboard; path = FollowSearch.storyboard; sourceTree = "<group>"; };
		EC89E308259C1CC700DBAFE5 /* FollowSearchVC.swift */ = {isa = PBXFileReference; lastKnownFileType = sourcecode.swift; path = FollowSearchVC.swift; sourceTree = "<group>"; };
		EC89E30B259C273400DBAFE5 /* FollowingSearchVC.swift */ = {isa = PBXFileReference; lastKnownFileType = sourcecode.swift; path = FollowingSearchVC.swift; sourceTree = "<group>"; };
		EC89E30E259C274200DBAFE5 /* FollowerSearchVC.swift */ = {isa = PBXFileReference; lastKnownFileType = sourcecode.swift; path = FollowerSearchVC.swift; sourceTree = "<group>"; };
		EC89E312259C27DF00DBAFE5 /* FollowingSearchCVC.swift */ = {isa = PBXFileReference; lastKnownFileType = sourcecode.swift; path = FollowingSearchCVC.swift; sourceTree = "<group>"; };
		EC89E315259C280200DBAFE5 /* FollowingListCVC.swift */ = {isa = PBXFileReference; lastKnownFileType = sourcecode.swift; path = FollowingListCVC.swift; sourceTree = "<group>"; };
		EC89E318259C281100DBAFE5 /* FollowerSearchCVC.swift */ = {isa = PBXFileReference; lastKnownFileType = sourcecode.swift; path = FollowerSearchCVC.swift; sourceTree = "<group>"; };
		EC89E31B259C281F00DBAFE5 /* FollowerListCVC.swift */ = {isa = PBXFileReference; lastKnownFileType = sourcecode.swift; path = FollowerListCVC.swift; sourceTree = "<group>"; };
		EC89E31E259C2B0800DBAFE5 /* FollowingSearchPVC.swift */ = {isa = PBXFileReference; lastKnownFileType = sourcecode.swift; path = FollowingSearchPVC.swift; sourceTree = "<group>"; };
		EC89E321259C376500DBAFE5 /* FollowPeopleCVC.swift */ = {isa = PBXFileReference; lastKnownFileType = sourcecode.swift; path = FollowPeopleCVC.swift; sourceTree = "<group>"; };
		EC89E324259C377400DBAFE5 /* FollowPersonCVC.swift */ = {isa = PBXFileReference; lastKnownFileType = sourcecode.swift; path = FollowPersonCVC.swift; sourceTree = "<group>"; };
		EC89E327259C378300DBAFE5 /* FollowHeaderCVC.swift */ = {isa = PBXFileReference; lastKnownFileType = sourcecode.swift; path = FollowHeaderCVC.swift; sourceTree = "<group>"; };
		EC89E32A259C378F00DBAFE5 /* FollowCardCVC.swift */ = {isa = PBXFileReference; lastKnownFileType = sourcecode.swift; path = FollowCardCVC.swift; sourceTree = "<group>"; };
		EC89E32D259C496C00DBAFE5 /* FollowMoreButtonCVC.swift */ = {isa = PBXFileReference; lastKnownFileType = sourcecode.swift; path = FollowMoreButtonCVC.swift; sourceTree = "<group>"; };
		EC89E335259C4E7400DBAFE5 /* UnderTab.storyboard */ = {isa = PBXFileReference; lastKnownFileType = file.storyboard; path = UnderTab.storyboard; sourceTree = "<group>"; };
		EC89E338259C507300DBAFE5 /* UnderTabBarController.swift */ = {isa = PBXFileReference; lastKnownFileType = sourcecode.swift; path = UnderTabBarController.swift; sourceTree = "<group>"; };
		EC89E33E259C5EBB00DBAFE5 /* HomeCardCustomFlowLayout.swift */ = {isa = PBXFileReference; lastKnownFileType = sourcecode.swift; path = HomeCardCustomFlowLayout.swift; sourceTree = "<group>"; };
		FE9DABE27D9C7D77517D82AB /* Pods_BeMe.framework */ = {isa = PBXFileReference; explicitFileType = wrapper.framework; includeInIndex = 0; path = Pods_BeMe.framework; sourceTree = BUILT_PRODUCTS_DIR; };
/* End PBXFileReference section */

/* Begin PBXFrameworksBuildPhase section */
		EC813F1D2599A15100BBCE25 /* Frameworks */ = {
			isa = PBXFrameworksBuildPhase;
			buildActionMask = 2147483647;
			files = (
				3FDD35238DF8F48142B9F9F1 /* Pods_BeMe.framework in Frameworks */,
			);
			runOnlyForDeploymentPostprocessing = 0;
		};
/* End PBXFrameworksBuildPhase section */

/* Begin PBXGroup section */
		5E3EB0F49141E3FA9B6530EC /* Frameworks */ = {
			isa = PBXGroup;
			children = (
				FE9DABE27D9C7D77517D82AB /* Pods_BeMe.framework */,
			);
			name = Frameworks;
			sourceTree = "<group>";
		};
		6CFABAAD0D52A376662BF022 /* Pods */ = {
			isa = PBXGroup;
			children = (
				3A09AD0A5B04C9B6819B2606 /* Pods-BeMe.debug.xcconfig */,
				81614202856C8826262057FD /* Pods-BeMe.release.xcconfig */,
			);
			path = Pods;
			sourceTree = "<group>";
		};
		A578D4DD259E724500F69908 /* VCs */ = {
			isa = PBXGroup;
			children = (
				A578D4E3259E728500F69908 /* AnswerVC.swift */,
			);
			path = VCs;
			sourceTree = "<group>";
		};
		A578D4DF259E725F00F69908 /* Storyboards */ = {
			isa = PBXGroup;
			children = (
				A578D4E0259E727C00F69908 /* Answer.storyboard */,
			);
			path = Storyboards;
			sourceTree = "<group>";
		};
		A5AF7DBA259A0971003C42B5 /* Answer */ = {
			isa = PBXGroup;
			children = (
				A578D4DF259E725F00F69908 /* Storyboards */,
				A578D4DD259E724500F69908 /* VCs */,
			);
			path = Answer;
			sourceTree = "<group>";
		};
		EC7C1603259B483F00A5BA4C /* CustomViews */ = {
			isa = PBXGroup;
			children = (
				EC7C1604259B485D00A5BA4C /* CustomAlertView.swift */,
				EC737F18259D867A0035207F /* CustomTodayCardView.swift */,
				EC737F1B259D8B9E0035207F /* CustomAddCardView.swift */,
			);
			path = CustomViews;
			sourceTree = "<group>";
		};
		EC7C160A259B8B1700A5BA4C /* Following */ = {
			isa = PBXGroup;
			children = (
				EC7C160B259B8B5300A5BA4C /* Storyboards */,
				EC7C160C259B8B6300A5BA4C /* VCs */,
				EC7C160D259B8B6700A5BA4C /* Cells */,
			);
			path = Following;
			sourceTree = "<group>";
		};
		EC7C160B259B8B5300A5BA4C /* Storyboards */ = {
			isa = PBXGroup;
			children = (
				EC7C160E259B8B8100A5BA4C /* Following.storyboard */,
				EC7C1617259B933F00A5BA4C /* FollowInfo.storyboard */,
				EC89E305259C1CA600DBAFE5 /* FollowSearch.storyboard */,
			);
			path = Storyboards;
			sourceTree = "<group>";
		};
		EC7C160C259B8B6300A5BA4C /* VCs */ = {
			isa = PBXGroup;
			children = (
				EC7C1611259B8BA100A5BA4C /* FollowingVC.swift */,
				EC7C1614259B925A00A5BA4C /* FollowingPVC.swift */,
				EC7C161A259B9A9200A5BA4C /* FollowingInfoVC.swift */,
				EC7C1629259BA01200A5BA4C /* FollowerInfoVC.swift */,
				EC89E308259C1CC700DBAFE5 /* FollowSearchVC.swift */,
				EC89E30B259C273400DBAFE5 /* FollowingSearchVC.swift */,
				EC89E30E259C274200DBAFE5 /* FollowerSearchVC.swift */,
				EC89E31E259C2B0800DBAFE5 /* FollowingSearchPVC.swift */,
			);
			path = VCs;
			sourceTree = "<group>";
		};
		EC7C160D259B8B6700A5BA4C /* Cells */ = {
			isa = PBXGroup;
			children = (
				EC7C161D259B9B0F00A5BA4C /* FollowingPeopleCVC.swift */,
				EC7C1620259B9B8800A5BA4C /* FollowingPersonCVC.swift */,
				EC7C1623259B9CA500A5BA4C /* FollowingHeaderCVC.swift */,
				EC7C1626259B9CE200A5BA4C /* FollowingCardCVC.swift */,
				EC7C1630259BACF100A5BA4C /* FollowerPeopleCVC.swift */,
				EC7C1633259BAD0600A5BA4C /* FollowerPersonCVC.swift */,
				EC7C1636259BAD1A00A5BA4C /* FollowerHeaderCVC.swift */,
				EC7C1639259BAD2D00A5BA4C /* FollowerCardCVC.swift */,
				EC89E312259C27DF00DBAFE5 /* FollowingSearchCVC.swift */,
				EC89E315259C280200DBAFE5 /* FollowingListCVC.swift */,
				EC89E318259C281100DBAFE5 /* FollowerSearchCVC.swift */,
				EC89E31B259C281F00DBAFE5 /* FollowerListCVC.swift */,
				EC89E321259C376500DBAFE5 /* FollowPeopleCVC.swift */,
				EC89E324259C377400DBAFE5 /* FollowPersonCVC.swift */,
				EC89E327259C378300DBAFE5 /* FollowHeaderCVC.swift */,
				EC89E32A259C378F00DBAFE5 /* FollowCardCVC.swift */,
				EC89E32D259C496C00DBAFE5 /* FollowMoreButtonCVC.swift */,
				EC737F20259DB2C40035207F /* FollowUpperCVC.swift */,
			);
			path = Cells;
			sourceTree = "<group>";
		};
		EC813F172599A15100BBCE25 = {
			isa = PBXGroup;
			children = (
				EC813F222599A15100BBCE25 /* BeMe */,
				EC813F212599A15100BBCE25 /* Products */,
				6CFABAAD0D52A376662BF022 /* Pods */,
				5E3EB0F49141E3FA9B6530EC /* Frameworks */,
			);
			sourceTree = "<group>";
		};
		EC813F212599A15100BBCE25 /* Products */ = {
			isa = PBXGroup;
			children = (
				EC813F202599A15100BBCE25 /* BeMe.app */,
			);
			name = Products;
			sourceTree = "<group>";
		};
		EC813F222599A15100BBCE25 /* BeMe */ = {
			isa = PBXGroup;
			children = (
				A5AF7DBA259A0971003C42B5 /* Answer */,
				EC89E332259C4E2800DBAFE5 /* UnderTab */,
				EC7C160A259B8B1700A5BA4C /* Following */,
				EC7C1603259B483F00A5BA4C /* CustomViews */,
				EC813F6E2599F82D00BBCE25 /* Home */,
				EC813F5F2599F3C700BBCE25 /* Extensions */,
				EC813F232599A15100BBCE25 /* AppDelegate.swift */,
				EC813F252599A15100BBCE25 /* SceneDelegate.swift */,
				EC813F272599A15100BBCE25 /* ViewController.swift */,
				EC813F292599A15100BBCE25 /* Main.storyboard */,
				EC813F2C2599A15200BBCE25 /* Assets.xcassets */,
				EC813F2E2599A15200BBCE25 /* LaunchScreen.storyboard */,
				EC813F312599A15200BBCE25 /* Info.plist */,
				EC813F422599A42700BBCE25 /* APIConstants.swift */,
				EC813F452599A44F00BBCE25 /* GenericResponse.swift */,
				EC813F482599A59500BBCE25 /* NetworkResult.swift */,
			);
			path = BeMe;
			sourceTree = "<group>";
		};
		EC813F5F2599F3C700BBCE25 /* Extensions */ = {
			isa = PBXGroup;
			children = (
				EC813F602599F3E900BBCE25 /* UIColor+Extensions.swift */,
				EC813F642599F40800BBCE25 /* UIView+Extensions.swift */,
				EC7C1600259B469D00A5BA4C /* UIViewController+Extensions.swift */,
			);
			path = Extensions;
			sourceTree = "<group>";
		};
		EC813F6E2599F82D00BBCE25 /* Home */ = {
			isa = PBXGroup;
			children = (
				EC89E33D259C5E9D00DBAFE5 /* FlowLayouts */,
				EC813F6F2599F83300BBCE25 /* Storyboards */,
				EC813F702599F83900BBCE25 /* VCs */,
				EC813F712599F83D00BBCE25 /* Cells */,
			);
			path = Home;
			sourceTree = "<group>";
		};
		EC813F6F2599F83300BBCE25 /* Storyboards */ = {
			isa = PBXGroup;
			children = (
				EC813F722599F84F00BBCE25 /* Home.storyboard */,
			);
			path = Storyboards;
			sourceTree = "<group>";
		};
		EC813F702599F83900BBCE25 /* VCs */ = {
			isa = PBXGroup;
			children = (
				EC813F762599F86900BBCE25 /* HomeVC.swift */,
			);
			path = VCs;
			sourceTree = "<group>";
		};
		EC813F712599F83D00BBCE25 /* Cells */ = {
			isa = PBXGroup;
			children = (
				EC813F7A2599F88D00BBCE25 /* PastCardCVC.swift */,
				EC813F7D2599F89A00BBCE25 /* NewCardCVC.swift */,
				EC813F802599F8A800BBCE25 /* AddCardCVC.swift */,
			);
			path = Cells;
			sourceTree = "<group>";
		};
		EC89E332259C4E2800DBAFE5 /* UnderTab */ = {
			isa = PBXGroup;
			children = (
				EC89E334259C4E4100DBAFE5 /* VCs */,
				EC89E333259C4E3000DBAFE5 /* Storyboards */,
			);
			path = UnderTab;
			sourceTree = "<group>";
		};
		EC89E333259C4E3000DBAFE5 /* Storyboards */ = {
			isa = PBXGroup;
			children = (
				EC89E335259C4E7400DBAFE5 /* UnderTab.storyboard */,
			);
			path = Storyboards;
			sourceTree = "<group>";
		};
		EC89E334259C4E4100DBAFE5 /* VCs */ = {
			isa = PBXGroup;
			children = (
				EC89E338259C507300DBAFE5 /* UnderTabBarController.swift */,
			);
			path = VCs;
			sourceTree = "<group>";
		};
		EC89E33D259C5E9D00DBAFE5 /* FlowLayouts */ = {
			isa = PBXGroup;
			children = (
				EC89E33E259C5EBB00DBAFE5 /* HomeCardCustomFlowLayout.swift */,
			);
			path = FlowLayouts;
			sourceTree = "<group>";
		};
/* End PBXGroup section */

/* Begin PBXNativeTarget section */
		EC813F1F2599A15100BBCE25 /* BeMe */ = {
			isa = PBXNativeTarget;
			buildConfigurationList = EC813F342599A15200BBCE25 /* Build configuration list for PBXNativeTarget "BeMe" */;
			buildPhases = (
				C730CBC36966F962444FBC91 /* [CP] Check Pods Manifest.lock */,
				EC813F1C2599A15100BBCE25 /* Sources */,
				EC813F1D2599A15100BBCE25 /* Frameworks */,
				EC813F1E2599A15100BBCE25 /* Resources */,
				4283DC1BF9536B924A7674FB /* [CP] Embed Pods Frameworks */,
			);
			buildRules = (
			);
			dependencies = (
			);
			name = BeMe;
			productName = BeMe;
			productReference = EC813F202599A15100BBCE25 /* BeMe.app */;
			productType = "com.apple.product-type.application";
		};
/* End PBXNativeTarget section */

/* Begin PBXProject section */
		EC813F182599A15100BBCE25 /* Project object */ = {
			isa = PBXProject;
			attributes = {
				LastSwiftUpdateCheck = 1230;
				LastUpgradeCheck = 1230;
				TargetAttributes = {
					EC813F1F2599A15100BBCE25 = {
						CreatedOnToolsVersion = 12.3;
					};
				};
			};
			buildConfigurationList = EC813F1B2599A15100BBCE25 /* Build configuration list for PBXProject "BeMe" */;
			compatibilityVersion = "Xcode 9.3";
			developmentRegion = en;
			hasScannedForEncodings = 0;
			knownRegions = (
				en,
				Base,
			);
			mainGroup = EC813F172599A15100BBCE25;
			productRefGroup = EC813F212599A15100BBCE25 /* Products */;
			projectDirPath = "";
			projectRoot = "";
			targets = (
				EC813F1F2599A15100BBCE25 /* BeMe */,
			);
		};
/* End PBXProject section */

/* Begin PBXResourcesBuildPhase section */
		EC813F1E2599A15100BBCE25 /* Resources */ = {
			isa = PBXResourcesBuildPhase;
			buildActionMask = 2147483647;
			files = (
				EC89E306259C1CA600DBAFE5 /* FollowSearch.storyboard in Resources */,
				EC7C160F259B8B8100A5BA4C /* Following.storyboard in Resources */,
				A578D4E1259E727C00F69908 /* Answer.storyboard in Resources */,
				EC7C1618259B933F00A5BA4C /* FollowInfo.storyboard in Resources */,
				EC813F302599A15200BBCE25 /* LaunchScreen.storyboard in Resources */,
				EC813F2D2599A15200BBCE25 /* Assets.xcassets in Resources */,
				EC813F2B2599A15100BBCE25 /* Main.storyboard in Resources */,
				EC813F732599F84F00BBCE25 /* Home.storyboard in Resources */,
				EC89E336259C4E7400DBAFE5 /* UnderTab.storyboard in Resources */,
			);
			runOnlyForDeploymentPostprocessing = 0;
		};
/* End PBXResourcesBuildPhase section */

/* Begin PBXShellScriptBuildPhase section */
		4283DC1BF9536B924A7674FB /* [CP] Embed Pods Frameworks */ = {
			isa = PBXShellScriptBuildPhase;
			buildActionMask = 2147483647;
			files = (
			);
			inputFileListPaths = (
				"${PODS_ROOT}/Target Support Files/Pods-BeMe/Pods-BeMe-frameworks-${CONFIGURATION}-input-files.xcfilelist",
			);
			name = "[CP] Embed Pods Frameworks";
			outputFileListPaths = (
				"${PODS_ROOT}/Target Support Files/Pods-BeMe/Pods-BeMe-frameworks-${CONFIGURATION}-output-files.xcfilelist",
			);
			runOnlyForDeploymentPostprocessing = 0;
			shellPath = /bin/sh;
			shellScript = "\"${PODS_ROOT}/Target Support Files/Pods-BeMe/Pods-BeMe-frameworks.sh\"\n";
			showEnvVarsInLog = 0;
		};
		C730CBC36966F962444FBC91 /* [CP] Check Pods Manifest.lock */ = {
			isa = PBXShellScriptBuildPhase;
			buildActionMask = 2147483647;
			files = (
			);
			inputFileListPaths = (
			);
			inputPaths = (
				"${PODS_PODFILE_DIR_PATH}/Podfile.lock",
				"${PODS_ROOT}/Manifest.lock",
			);
			name = "[CP] Check Pods Manifest.lock";
			outputFileListPaths = (
			);
			outputPaths = (
				"$(DERIVED_FILE_DIR)/Pods-BeMe-checkManifestLockResult.txt",
			);
			runOnlyForDeploymentPostprocessing = 0;
			shellPath = /bin/sh;
			shellScript = "diff \"${PODS_PODFILE_DIR_PATH}/Podfile.lock\" \"${PODS_ROOT}/Manifest.lock\" > /dev/null\nif [ $? != 0 ] ; then\n    # print error to STDERR\n    echo \"error: The sandbox is not in sync with the Podfile.lock. Run 'pod install' or update your CocoaPods installation.\" >&2\n    exit 1\nfi\n# This output is used by Xcode 'outputs' to avoid re-running this script phase.\necho \"SUCCESS\" > \"${SCRIPT_OUTPUT_FILE_0}\"\n";
			showEnvVarsInLog = 0;
		};
/* End PBXShellScriptBuildPhase section */

/* Begin PBXSourcesBuildPhase section */
		EC813F1C2599A15100BBCE25 /* Sources */ = {
			isa = PBXSourcesBuildPhase;
			buildActionMask = 2147483647;
			files = (
				EC89E313259C27DF00DBAFE5 /* FollowingSearchCVC.swift in Sources */,
				EC813F462599A44F00BBCE25 /* GenericResponse.swift in Sources */,
				EC7C1624259B9CA500A5BA4C /* FollowingHeaderCVC.swift in Sources */,
				EC737F19259D867A0035207F /* CustomTodayCardView.swift in Sources */,
				EC89E31C259C281F00DBAFE5 /* FollowerListCVC.swift in Sources */,
				EC7C163A259BAD2D00A5BA4C /* FollowerCardCVC.swift in Sources */,
				EC813F7E2599F89A00BBCE25 /* NewCardCVC.swift in Sources */,
				EC7C1601259B469D00A5BA4C /* UIViewController+Extensions.swift in Sources */,
				EC813F432599A42700BBCE25 /* APIConstants.swift in Sources */,
				EC813F7B2599F88D00BBCE25 /* PastCardCVC.swift in Sources */,
				EC7C1612259B8BA100A5BA4C /* FollowingVC.swift in Sources */,
				EC737F1C259D8B9E0035207F /* CustomAddCardView.swift in Sources */,
				A578D4E4259E728500F69908 /* AnswerVC.swift in Sources */,
				EC7C1631259BACF100A5BA4C /* FollowerPeopleCVC.swift in Sources */,
				EC89E32E259C496C00DBAFE5 /* FollowMoreButtonCVC.swift in Sources */,
				EC89E339259C507300DBAFE5 /* UnderTabBarController.swift in Sources */,
				EC89E33F259C5EBB00DBAFE5 /* HomeCardCustomFlowLayout.swift in Sources */,
				EC813F282599A15100BBCE25 /* ViewController.swift in Sources */,
				EC7C1615259B925A00A5BA4C /* FollowingPVC.swift in Sources */,
				EC813F772599F86900BBCE25 /* HomeVC.swift in Sources */,
				EC813F812599F8A800BBCE25 /* AddCardCVC.swift in Sources */,
				EC89E319259C281100DBAFE5 /* FollowerSearchCVC.swift in Sources */,
				EC7C1627259B9CE200A5BA4C /* FollowingCardCVC.swift in Sources */,
				EC89E30C259C273400DBAFE5 /* FollowingSearchVC.swift in Sources */,
				EC7C1605259B485D00A5BA4C /* CustomAlertView.swift in Sources */,
				EC89E316259C280200DBAFE5 /* FollowingListCVC.swift in Sources */,
				EC7C1637259BAD1A00A5BA4C /* FollowerHeaderCVC.swift in Sources */,
				EC737F21259DB2C40035207F /* FollowUpperCVC.swift in Sources */,
				EC89E31F259C2B0800DBAFE5 /* FollowingSearchPVC.swift in Sources */,
				EC7C1621259B9B8800A5BA4C /* FollowingPersonCVC.swift in Sources */,
				EC7C162A259BA01200A5BA4C /* FollowerInfoVC.swift in Sources */,
				EC89E322259C376500DBAFE5 /* FollowPeopleCVC.swift in Sources */,
				EC7C161B259B9A9200A5BA4C /* FollowingInfoVC.swift in Sources */,
				EC89E325259C377400DBAFE5 /* FollowPersonCVC.swift in Sources */,
				EC813F492599A59500BBCE25 /* NetworkResult.swift in Sources */,
				EC7C161E259B9B0F00A5BA4C /* FollowingPeopleCVC.swift in Sources */,
				EC813F612599F3E900BBCE25 /* UIColor+Extensions.swift in Sources */,
				EC813F242599A15100BBCE25 /* AppDelegate.swift in Sources */,
				EC89E32B259C378F00DBAFE5 /* FollowCardCVC.swift in Sources */,
				EC813F652599F40800BBCE25 /* UIView+Extensions.swift in Sources */,
				EC89E309259C1CC700DBAFE5 /* FollowSearchVC.swift in Sources */,
				EC89E328259C378300DBAFE5 /* FollowHeaderCVC.swift in Sources */,
				EC813F262599A15100BBCE25 /* SceneDelegate.swift in Sources */,
				EC89E30F259C274200DBAFE5 /* FollowerSearchVC.swift in Sources */,
				EC7C1634259BAD0600A5BA4C /* FollowerPersonCVC.swift in Sources */,
			);
			runOnlyForDeploymentPostprocessing = 0;
		};
/* End PBXSourcesBuildPhase section */

/* Begin PBXVariantGroup section */
		EC813F292599A15100BBCE25 /* Main.storyboard */ = {
			isa = PBXVariantGroup;
			children = (
				EC813F2A2599A15100BBCE25 /* Base */,
			);
			name = Main.storyboard;
			sourceTree = "<group>";
		};
		EC813F2E2599A15200BBCE25 /* LaunchScreen.storyboard */ = {
			isa = PBXVariantGroup;
			children = (
				EC813F2F2599A15200BBCE25 /* Base */,
			);
			name = LaunchScreen.storyboard;
			sourceTree = "<group>";
		};
/* End PBXVariantGroup section */

/* Begin XCBuildConfiguration section */
		EC813F322599A15200BBCE25 /* Debug */ = {
			isa = XCBuildConfiguration;
			buildSettings = {
				ALWAYS_SEARCH_USER_PATHS = NO;
				CLANG_ANALYZER_NONNULL = YES;
				CLANG_ANALYZER_NUMBER_OBJECT_CONVERSION = YES_AGGRESSIVE;
				CLANG_CXX_LANGUAGE_STANDARD = "gnu++14";
				CLANG_CXX_LIBRARY = "libc++";
				CLANG_ENABLE_MODULES = YES;
				CLANG_ENABLE_OBJC_ARC = YES;
				CLANG_ENABLE_OBJC_WEAK = YES;
				CLANG_WARN_BLOCK_CAPTURE_AUTORELEASING = YES;
				CLANG_WARN_BOOL_CONVERSION = YES;
				CLANG_WARN_COMMA = YES;
				CLANG_WARN_CONSTANT_CONVERSION = YES;
				CLANG_WARN_DEPRECATED_OBJC_IMPLEMENTATIONS = YES;
				CLANG_WARN_DIRECT_OBJC_ISA_USAGE = YES_ERROR;
				CLANG_WARN_DOCUMENTATION_COMMENTS = YES;
				CLANG_WARN_EMPTY_BODY = YES;
				CLANG_WARN_ENUM_CONVERSION = YES;
				CLANG_WARN_INFINITE_RECURSION = YES;
				CLANG_WARN_INT_CONVERSION = YES;
				CLANG_WARN_NON_LITERAL_NULL_CONVERSION = YES;
				CLANG_WARN_OBJC_IMPLICIT_RETAIN_SELF = YES;
				CLANG_WARN_OBJC_LITERAL_CONVERSION = YES;
				CLANG_WARN_OBJC_ROOT_CLASS = YES_ERROR;
				CLANG_WARN_QUOTED_INCLUDE_IN_FRAMEWORK_HEADER = YES;
				CLANG_WARN_RANGE_LOOP_ANALYSIS = YES;
				CLANG_WARN_STRICT_PROTOTYPES = YES;
				CLANG_WARN_SUSPICIOUS_MOVE = YES;
				CLANG_WARN_UNGUARDED_AVAILABILITY = YES_AGGRESSIVE;
				CLANG_WARN_UNREACHABLE_CODE = YES;
				CLANG_WARN__DUPLICATE_METHOD_MATCH = YES;
				COPY_PHASE_STRIP = NO;
				DEBUG_INFORMATION_FORMAT = dwarf;
				ENABLE_STRICT_OBJC_MSGSEND = YES;
				ENABLE_TESTABILITY = YES;
				GCC_C_LANGUAGE_STANDARD = gnu11;
				GCC_DYNAMIC_NO_PIC = NO;
				GCC_NO_COMMON_BLOCKS = YES;
				GCC_OPTIMIZATION_LEVEL = 0;
				GCC_PREPROCESSOR_DEFINITIONS = (
					"DEBUG=1",
					"$(inherited)",
				);
				GCC_WARN_64_TO_32_BIT_CONVERSION = YES;
				GCC_WARN_ABOUT_RETURN_TYPE = YES_ERROR;
				GCC_WARN_UNDECLARED_SELECTOR = YES;
				GCC_WARN_UNINITIALIZED_AUTOS = YES_AGGRESSIVE;
				GCC_WARN_UNUSED_FUNCTION = YES;
				GCC_WARN_UNUSED_VARIABLE = YES;
				IPHONEOS_DEPLOYMENT_TARGET = 13.5;
				MTL_ENABLE_DEBUG_INFO = INCLUDE_SOURCE;
				MTL_FAST_MATH = YES;
				ONLY_ACTIVE_ARCH = YES;
				SDKROOT = iphoneos;
				SWIFT_ACTIVE_COMPILATION_CONDITIONS = DEBUG;
				SWIFT_OPTIMIZATION_LEVEL = "-Onone";
			};
			name = Debug;
		};
		EC813F332599A15200BBCE25 /* Release */ = {
			isa = XCBuildConfiguration;
			buildSettings = {
				ALWAYS_SEARCH_USER_PATHS = NO;
				CLANG_ANALYZER_NONNULL = YES;
				CLANG_ANALYZER_NUMBER_OBJECT_CONVERSION = YES_AGGRESSIVE;
				CLANG_CXX_LANGUAGE_STANDARD = "gnu++14";
				CLANG_CXX_LIBRARY = "libc++";
				CLANG_ENABLE_MODULES = YES;
				CLANG_ENABLE_OBJC_ARC = YES;
				CLANG_ENABLE_OBJC_WEAK = YES;
				CLANG_WARN_BLOCK_CAPTURE_AUTORELEASING = YES;
				CLANG_WARN_BOOL_CONVERSION = YES;
				CLANG_WARN_COMMA = YES;
				CLANG_WARN_CONSTANT_CONVERSION = YES;
				CLANG_WARN_DEPRECATED_OBJC_IMPLEMENTATIONS = YES;
				CLANG_WARN_DIRECT_OBJC_ISA_USAGE = YES_ERROR;
				CLANG_WARN_DOCUMENTATION_COMMENTS = YES;
				CLANG_WARN_EMPTY_BODY = YES;
				CLANG_WARN_ENUM_CONVERSION = YES;
				CLANG_WARN_INFINITE_RECURSION = YES;
				CLANG_WARN_INT_CONVERSION = YES;
				CLANG_WARN_NON_LITERAL_NULL_CONVERSION = YES;
				CLANG_WARN_OBJC_IMPLICIT_RETAIN_SELF = YES;
				CLANG_WARN_OBJC_LITERAL_CONVERSION = YES;
				CLANG_WARN_OBJC_ROOT_CLASS = YES_ERROR;
				CLANG_WARN_QUOTED_INCLUDE_IN_FRAMEWORK_HEADER = YES;
				CLANG_WARN_RANGE_LOOP_ANALYSIS = YES;
				CLANG_WARN_STRICT_PROTOTYPES = YES;
				CLANG_WARN_SUSPICIOUS_MOVE = YES;
				CLANG_WARN_UNGUARDED_AVAILABILITY = YES_AGGRESSIVE;
				CLANG_WARN_UNREACHABLE_CODE = YES;
				CLANG_WARN__DUPLICATE_METHOD_MATCH = YES;
				COPY_PHASE_STRIP = NO;
				DEBUG_INFORMATION_FORMAT = "dwarf-with-dsym";
				ENABLE_NS_ASSERTIONS = NO;
				ENABLE_STRICT_OBJC_MSGSEND = YES;
				GCC_C_LANGUAGE_STANDARD = gnu11;
				GCC_NO_COMMON_BLOCKS = YES;
				GCC_WARN_64_TO_32_BIT_CONVERSION = YES;
				GCC_WARN_ABOUT_RETURN_TYPE = YES_ERROR;
				GCC_WARN_UNDECLARED_SELECTOR = YES;
				GCC_WARN_UNINITIALIZED_AUTOS = YES_AGGRESSIVE;
				GCC_WARN_UNUSED_FUNCTION = YES;
				GCC_WARN_UNUSED_VARIABLE = YES;
				IPHONEOS_DEPLOYMENT_TARGET = 13.5;
				MTL_ENABLE_DEBUG_INFO = NO;
				MTL_FAST_MATH = YES;
				SDKROOT = iphoneos;
				SWIFT_COMPILATION_MODE = wholemodule;
				SWIFT_OPTIMIZATION_LEVEL = "-O";
				VALIDATE_PRODUCT = YES;
			};
			name = Release;
		};
		EC813F352599A15200BBCE25 /* Debug */ = {
			isa = XCBuildConfiguration;
			baseConfigurationReference = 3A09AD0A5B04C9B6819B2606 /* Pods-BeMe.debug.xcconfig */;
			buildSettings = {
				ASSETCATALOG_COMPILER_APPICON_NAME = AppIcon;
				ASSETCATALOG_COMPILER_GLOBAL_ACCENT_COLOR_NAME = AccentColor;
				CODE_SIGN_STYLE = Automatic;
				DEVELOPMENT_TEAM = 6ZTQ76LJPZ;
				INFOPLIST_FILE = BeMe/Info.plist;
				LD_RUNPATH_SEARCH_PATHS = (
					"$(inherited)",
					"@executable_path/Frameworks",
				);
				PRODUCT_BUNDLE_IDENTIFIER = YunaeKim.BeMe;
				PRODUCT_NAME = "$(TARGET_NAME)";
				SWIFT_VERSION = 5.0;
				TARGETED_DEVICE_FAMILY = "1,2";
			};
			name = Debug;
		};
		EC813F362599A15200BBCE25 /* Release */ = {
			isa = XCBuildConfiguration;
			baseConfigurationReference = 81614202856C8826262057FD /* Pods-BeMe.release.xcconfig */;
			buildSettings = {
				ASSETCATALOG_COMPILER_APPICON_NAME = AppIcon;
				ASSETCATALOG_COMPILER_GLOBAL_ACCENT_COLOR_NAME = AccentColor;
				CODE_SIGN_STYLE = Automatic;
				DEVELOPMENT_TEAM = 6ZTQ76LJPZ;
				INFOPLIST_FILE = BeMe/Info.plist;
				LD_RUNPATH_SEARCH_PATHS = (
					"$(inherited)",
					"@executable_path/Frameworks",
				);
				PRODUCT_BUNDLE_IDENTIFIER = YunaeKim.BeMe;
				PRODUCT_NAME = "$(TARGET_NAME)";
				SWIFT_VERSION = 5.0;
				TARGETED_DEVICE_FAMILY = "1,2";
			};
			name = Release;
		};
/* End XCBuildConfiguration section */

/* Begin XCConfigurationList section */
		EC813F1B2599A15100BBCE25 /* Build configuration list for PBXProject "BeMe" */ = {
			isa = XCConfigurationList;
			buildConfigurations = (
				EC813F322599A15200BBCE25 /* Debug */,
				EC813F332599A15200BBCE25 /* Release */,
			);
			defaultConfigurationIsVisible = 0;
			defaultConfigurationName = Release;
		};
		EC813F342599A15200BBCE25 /* Build configuration list for PBXNativeTarget "BeMe" */ = {
			isa = XCConfigurationList;
			buildConfigurations = (
				EC813F352599A15200BBCE25 /* Debug */,
				EC813F362599A15200BBCE25 /* Release */,
			);
			defaultConfigurationIsVisible = 0;
			defaultConfigurationName = Release;
		};
/* End XCConfigurationList section */
	};
	rootObject = EC813F182599A15100BBCE25 /* Project object */;
}
