// !$*UTF8*$!
{
	archiveVersion = 1;
	classes = {
	};
	objectVersion = 51;
	objects = {

/* Begin PBXBuildFile section */
		3FDD35238DF8F48142B9F9F1 /* Pods_BeMe.framework in Frameworks */ = {isa = PBXBuildFile; fileRef = FE9DABE27D9C7D77517D82AB /* Pods_BeMe.framework */; };
		A578D4E1259E727C00F69908 /* Answer.storyboard in Resources */ = {isa = PBXBuildFile; fileRef = A578D4E0259E727C00F69908 /* Answer.storyboard */; };
		A578D4E4259E728500F69908 /* AnswerVC.swift in Sources */ = {isa = PBXBuildFile; fileRef = A578D4E3259E728500F69908 /* AnswerVC.swift */; };
		A578D4F025A0C4E600F69908 /* Mypage.storyboard in Resources */ = {isa = PBXBuildFile; fileRef = A578D4EF25A0C4E600F69908 /* Mypage.storyboard */; };
		A578D4F325A0C51400F69908 /* MypageVC.swift in Sources */ = {isa = PBXBuildFile; fileRef = A578D4F225A0C51400F69908 /* MypageVC.swift */; };
		A57F708925A1AC8F00152E89 /* MypageSearchTVC.swift in Sources */ = {isa = PBXBuildFile; fileRef = A57F708825A1AC8F00152E89 /* MypageSearchTVC.swift */; };
		A57F708C25A1ACB100152E89 /* MypageResultTVC.swift in Sources */ = {isa = PBXBuildFile; fileRef = A57F708B25A1ACB100152E89 /* MypageResultTVC.swift */; };
		A57F709025A1ACE400152E89 /* MypageProfileCRV.swift in Sources */ = {isa = PBXBuildFile; fileRef = A57F708F25A1ACE400152E89 /* MypageProfileCRV.swift */; };
		A5CCCD9E25A334EA008A3125 /* MypageMyScrapTVC.swift in Sources */ = {isa = PBXBuildFile; fileRef = A5CCCD9D25A334EA008A3125 /* MypageMyScrapTVC.swift */; };
		A5CCCDA125A33512008A3125 /* MypageOthersScrapTVC.swift in Sources */ = {isa = PBXBuildFile; fileRef = A5CCCDA025A33512008A3125 /* MypageOthersScrapTVC.swift */; };
		D492E41A25A0A0DE0088A181 /* ExploreDetailVC.swift in Sources */ = {isa = PBXBuildFile; fileRef = D492E41925A0A0DE0088A181 /* ExploreDetailVC.swift */; };
		D492E42F25A0CE5E0088A181 /* AnswerTVC.swift in Sources */ = {isa = PBXBuildFile; fileRef = D492E42E25A0CE5E0088A181 /* AnswerTVC.swift */; };
		D492E43525A0E14C0088A181 /* CustomActionSheet.storyboard in Resources */ = {isa = PBXBuildFile; fileRef = D492E43425A0E14C0088A181 /* CustomActionSheet.storyboard */; };
		D492E43825A0E16D0088A181 /* CustomActionSheet.swift in Sources */ = {isa = PBXBuildFile; fileRef = D492E43725A0E16D0088A181 /* CustomActionSheet.swift */; };
		D492E43B25A0E6250088A181 /* DetailMoreTVC.swift in Sources */ = {isa = PBXBuildFile; fileRef = D492E43A25A0E6250088A181 /* DetailMoreTVC.swift */; };
		D492E44025A0E6A80088A181 /* UITableView+Extensions.swift in Sources */ = {isa = PBXBuildFile; fileRef = D492E43F25A0E6A80088A181 /* UITableView+Extensions.swift */; };
		D4E07CB9259F22C10075E616 /* Explore.storyboard in Resources */ = {isa = PBXBuildFile; fileRef = D4E07CB2259F22C10075E616 /* Explore.storyboard */; };
		D4E07CBA259F22C10075E616 /* MoreTVC.swift in Sources */ = {isa = PBXBuildFile; fileRef = D4E07CB4259F22C10075E616 /* MoreTVC.swift */; };
		D4E07CBB259F22C10075E616 /* CategoryTVC.swift in Sources */ = {isa = PBXBuildFile; fileRef = D4E07CB5259F22C10075E616 /* CategoryTVC.swift */; };
		D4E07CBC259F22C10075E616 /* DiffThoughtCVC.swift in Sources */ = {isa = PBXBuildFile; fileRef = D4E07CB6259F22C10075E616 /* DiffThoughtCVC.swift */; };
		D4E07CBD259F22C10075E616 /* CategoryCVC.swift in Sources */ = {isa = PBXBuildFile; fileRef = D4E07CB7259F22C10075E616 /* CategoryCVC.swift */; };
		D4E07CBE259F22C10075E616 /* ArticleTVC.swift in Sources */ = {isa = PBXBuildFile; fileRef = D4E07CB8259F22C10075E616 /* ArticleTVC.swift */; };
		D4E5FD37259E710200C57950 /* UIButton+Extensions.swift in Sources */ = {isa = PBXBuildFile; fileRef = D4E5FD36259E710200C57950 /* UIButton+Extensions.swift */; };
		D4F01029259C7A8000AA3EE8 /* ExploreVC.swift in Sources */ = {isa = PBXBuildFile; fileRef = D4F01028259C7A8000AA3EE8 /* ExploreVC.swift */; };
		EC5C1FF625A433EE008EE335 /* String+Extensions.swift in Sources */ = {isa = PBXBuildFile; fileRef = EC5C1FF525A433EE008EE335 /* String+Extensions.swift */; };
		EC5C1FFC25A43E1A008EE335 /* SignUpControlVC.swift in Sources */ = {isa = PBXBuildFile; fileRef = EC5C1FFB25A43E1A008EE335 /* SignUpControlVC.swift */; };
		EC5C200025A43FA5008EE335 /* SignUpPVC.swift in Sources */ = {isa = PBXBuildFile; fileRef = EC5C1FFF25A43FA5008EE335 /* SignUpPVC.swift */; };
		EC5C200325A43FD0008EE335 /* SignUpProfileVC.swift in Sources */ = {isa = PBXBuildFile; fileRef = EC5C200225A43FD0008EE335 /* SignUpProfileVC.swift */; };
		EC5C200A25A47208008EE335 /* LogIn.storyboard in Resources */ = {isa = PBXBuildFile; fileRef = EC5C200925A47208008EE335 /* LogIn.storyboard */; };
		EC5C200D25A4721E008EE335 /* LogInVC.swift in Sources */ = {isa = PBXBuildFile; fileRef = EC5C200C25A4721E008EE335 /* LogInVC.swift */; };
		EC5C201525A49CD5008EE335 /* SignUpService.swift in Sources */ = {isa = PBXBuildFile; fileRef = EC5C201425A49CD5008EE335 /* SignUpService.swift */; };
		EC5C201A25A49D7E008EE335 /* SignUpData.swift in Sources */ = {isa = PBXBuildFile; fileRef = EC5C201925A49D7E008EE335 /* SignUpData.swift */; };
		EC5C201F25A4C7EB008EE335 /* LogInService.swift in Sources */ = {isa = PBXBuildFile; fileRef = EC5C201E25A4C7EB008EE335 /* LogInService.swift */; };
		EC5C202325A4C818008EE335 /* LogInData.swift in Sources */ = {isa = PBXBuildFile; fileRef = EC5C202225A4C818008EE335 /* LogInData.swift */; };
		EC71C83025A5A2E300F51FEC /* HomePageData.swift in Sources */ = {isa = PBXBuildFile; fileRef = EC71C82F25A5A2E300F51FEC /* HomePageData.swift */; };
		EC71C83525A5A41800F51FEC /* HomePageDataService.swift in Sources */ = {isa = PBXBuildFile; fileRef = EC71C83425A5A41800F51FEC /* HomePageDataService.swift */; };
		EC71C84125A5B1BA00F51FEC /* HomeNewQuestionData.swift in Sources */ = {isa = PBXBuildFile; fileRef = EC71C84025A5B1BA00F51FEC /* HomeNewQuestionData.swift */; };
		EC71C84C25A7769B00F51FEC /* ShittyImageCropVC.swift in Sources */ = {isa = PBXBuildFile; fileRef = EC71C84B25A7769B00F51FEC /* ShittyImageCropVC.swift */; };
		EC71C84F25A778CE00F51FEC /* SignUpCropVC.swift in Sources */ = {isa = PBXBuildFile; fileRef = EC71C84E25A778CE00F51FEC /* SignUpCropVC.swift */; };
		EC737F19259D867A0035207F /* CustomTodayCardView.swift in Sources */ = {isa = PBXBuildFile; fileRef = EC737F18259D867A0035207F /* CustomTodayCardView.swift */; };
		EC737F1C259D8B9E0035207F /* CustomAddCardView.swift in Sources */ = {isa = PBXBuildFile; fileRef = EC737F1B259D8B9E0035207F /* CustomAddCardView.swift */; };
		EC737F21259DB2C40035207F /* FollowUpperCVC.swift in Sources */ = {isa = PBXBuildFile; fileRef = EC737F20259DB2C40035207F /* FollowUpperCVC.swift */; };
		EC75A22925A8149900F4E160 /* HomeNewQuestionService.swift in Sources */ = {isa = PBXBuildFile; fileRef = EC75A22825A8149900F4E160 /* HomeNewQuestionService.swift */; };
		EC75A22C25A81AB100F4E160 /* HomeChangeQuestionService.swift in Sources */ = {isa = PBXBuildFile; fileRef = EC75A22B25A81AB100F4E160 /* HomeChangeQuestionService.swift */; };
		EC75A22F25A85DE800F4E160 /* HomeChangePublicService.swift in Sources */ = {isa = PBXBuildFile; fileRef = EC75A22E25A85DE800F4E160 /* HomeChangePublicService.swift */; };
		EC75A23225A8664200F4E160 /* HomeDeleteAnswerService.swift in Sources */ = {isa = PBXBuildFile; fileRef = EC75A23125A8664200F4E160 /* HomeDeleteAnswerService.swift */; };
		EC7C1601259B469D00A5BA4C /* UIViewController+Extensions.swift in Sources */ = {isa = PBXBuildFile; fileRef = EC7C1600259B469D00A5BA4C /* UIViewController+Extensions.swift */; };
		EC7C1605259B485D00A5BA4C /* CustomAlertView.swift in Sources */ = {isa = PBXBuildFile; fileRef = EC7C1604259B485D00A5BA4C /* CustomAlertView.swift */; };
		EC7C160F259B8B8100A5BA4C /* Following.storyboard in Resources */ = {isa = PBXBuildFile; fileRef = EC7C160E259B8B8100A5BA4C /* Following.storyboard */; };
		EC7C1612259B8BA100A5BA4C /* FollowingVC.swift in Sources */ = {isa = PBXBuildFile; fileRef = EC7C1611259B8BA100A5BA4C /* FollowingVC.swift */; };
		EC7C1615259B925A00A5BA4C /* FollowingPVC.swift in Sources */ = {isa = PBXBuildFile; fileRef = EC7C1614259B925A00A5BA4C /* FollowingPVC.swift */; };
		EC7C1618259B933F00A5BA4C /* FollowInfo.storyboard in Resources */ = {isa = PBXBuildFile; fileRef = EC7C1617259B933F00A5BA4C /* FollowInfo.storyboard */; };
		EC7C161B259B9A9200A5BA4C /* FollowingInfoVC.swift in Sources */ = {isa = PBXBuildFile; fileRef = EC7C161A259B9A9200A5BA4C /* FollowingInfoVC.swift */; };
		EC7C161E259B9B0F00A5BA4C /* FollowingPeopleCVC.swift in Sources */ = {isa = PBXBuildFile; fileRef = EC7C161D259B9B0F00A5BA4C /* FollowingPeopleCVC.swift */; };
		EC7C1621259B9B8800A5BA4C /* FollowingPersonCVC.swift in Sources */ = {isa = PBXBuildFile; fileRef = EC7C1620259B9B8800A5BA4C /* FollowingPersonCVC.swift */; };
		EC7C1624259B9CA500A5BA4C /* FollowingHeaderCVC.swift in Sources */ = {isa = PBXBuildFile; fileRef = EC7C1623259B9CA500A5BA4C /* FollowingHeaderCVC.swift */; };
		EC7C1627259B9CE200A5BA4C /* FollowingCardCVC.swift in Sources */ = {isa = PBXBuildFile; fileRef = EC7C1626259B9CE200A5BA4C /* FollowingCardCVC.swift */; };
		EC7C162A259BA01200A5BA4C /* FollowerInfoVC.swift in Sources */ = {isa = PBXBuildFile; fileRef = EC7C1629259BA01200A5BA4C /* FollowerInfoVC.swift */; };
		EC7C1631259BACF100A5BA4C /* FollowerPeopleCVC.swift in Sources */ = {isa = PBXBuildFile; fileRef = EC7C1630259BACF100A5BA4C /* FollowerPeopleCVC.swift */; };
		EC7C1634259BAD0600A5BA4C /* FollowerPersonCVC.swift in Sources */ = {isa = PBXBuildFile; fileRef = EC7C1633259BAD0600A5BA4C /* FollowerPersonCVC.swift */; };
		EC7C1637259BAD1A00A5BA4C /* FollowerHeaderCVC.swift in Sources */ = {isa = PBXBuildFile; fileRef = EC7C1636259BAD1A00A5BA4C /* FollowerHeaderCVC.swift */; };
		EC7C163A259BAD2D00A5BA4C /* FollowerCardCVC.swift in Sources */ = {isa = PBXBuildFile; fileRef = EC7C1639259BAD2D00A5BA4C /* FollowerCardCVC.swift */; };
		EC7F0EA125A05460008EB88A /* CustomHomeActionSheetAlert.swift in Sources */ = {isa = PBXBuildFile; fileRef = EC7F0EA025A05460008EB88A /* CustomHomeActionSheetAlert.swift */; };
		EC7F0EA925A057DF008EB88A /* HomeVC+UnderAlert.swift in Sources */ = {isa = PBXBuildFile; fileRef = EC7F0EA825A057DF008EB88A /* HomeVC+UnderAlert.swift */; };
		EC7F0EAC25A059AA008EB88A /* HomeVC+Protocols.swift in Sources */ = {isa = PBXBuildFile; fileRef = EC7F0EAB25A059AA008EB88A /* HomeVC+Protocols.swift */; };
		EC7F0EAF25A09F24008EB88A /* AnswerDataForViewController.swift in Sources */ = {isa = PBXBuildFile; fileRef = EC7F0EAE25A09F24008EB88A /* AnswerDataForViewController.swift */; };
		EC7FEFA525A38AE200C61147 /* Search.storyboard in Resources */ = {isa = PBXBuildFile; fileRef = EC7FEFA425A38AE200C61147 /* Search.storyboard */; };
		EC7FEFA825A38AF100C61147 /* SearchVC.swift in Sources */ = {isa = PBXBuildFile; fileRef = EC7FEFA725A38AF100C61147 /* SearchVC.swift */; };
		EC7FEFAB25A38FE200C61147 /* SearchRecentTVC.swift in Sources */ = {isa = PBXBuildFile; fileRef = EC7FEFAA25A38FE200C61147 /* SearchRecentTVC.swift */; };
		EC7FEFAE25A3901100C61147 /* SearchNewTVC.swift in Sources */ = {isa = PBXBuildFile; fileRef = EC7FEFAD25A3901100C61147 /* SearchNewTVC.swift */; };
		EC7FEFB125A39B7000C61147 /* UITextField+Extensions.swift in Sources */ = {isa = PBXBuildFile; fileRef = EC7FEFB025A39B7000C61147 /* UITextField+Extensions.swift */; };
		EC813F242599A15100BBCE25 /* AppDelegate.swift in Sources */ = {isa = PBXBuildFile; fileRef = EC813F232599A15100BBCE25 /* AppDelegate.swift */; };
		EC813F262599A15100BBCE25 /* SceneDelegate.swift in Sources */ = {isa = PBXBuildFile; fileRef = EC813F252599A15100BBCE25 /* SceneDelegate.swift */; };
		EC813F282599A15100BBCE25 /* ViewController.swift in Sources */ = {isa = PBXBuildFile; fileRef = EC813F272599A15100BBCE25 /* ViewController.swift */; };
		EC813F2B2599A15100BBCE25 /* Main.storyboard in Resources */ = {isa = PBXBuildFile; fileRef = EC813F292599A15100BBCE25 /* Main.storyboard */; };
		EC813F2D2599A15200BBCE25 /* Assets.xcassets in Resources */ = {isa = PBXBuildFile; fileRef = EC813F2C2599A15200BBCE25 /* Assets.xcassets */; };
		EC813F302599A15200BBCE25 /* LaunchScreen.storyboard in Resources */ = {isa = PBXBuildFile; fileRef = EC813F2E2599A15200BBCE25 /* LaunchScreen.storyboard */; };
		EC813F432599A42700BBCE25 /* APIConstants.swift in Sources */ = {isa = PBXBuildFile; fileRef = EC813F422599A42700BBCE25 /* APIConstants.swift */; };
		EC813F462599A44F00BBCE25 /* GenericResponse.swift in Sources */ = {isa = PBXBuildFile; fileRef = EC813F452599A44F00BBCE25 /* GenericResponse.swift */; };
		EC813F492599A59500BBCE25 /* NetworkResult.swift in Sources */ = {isa = PBXBuildFile; fileRef = EC813F482599A59500BBCE25 /* NetworkResult.swift */; };
		EC813F612599F3E900BBCE25 /* UIColor+Extensions.swift in Sources */ = {isa = PBXBuildFile; fileRef = EC813F602599F3E900BBCE25 /* UIColor+Extensions.swift */; };
		EC813F652599F40800BBCE25 /* UIView+Extensions.swift in Sources */ = {isa = PBXBuildFile; fileRef = EC813F642599F40800BBCE25 /* UIView+Extensions.swift */; };
		EC813F732599F84F00BBCE25 /* Home.storyboard in Resources */ = {isa = PBXBuildFile; fileRef = EC813F722599F84F00BBCE25 /* Home.storyboard */; };
		EC813F772599F86900BBCE25 /* HomeVC.swift in Sources */ = {isa = PBXBuildFile; fileRef = EC813F762599F86900BBCE25 /* HomeVC.swift */; };
		EC813F7B2599F88D00BBCE25 /* PastCardCVC.swift in Sources */ = {isa = PBXBuildFile; fileRef = EC813F7A2599F88D00BBCE25 /* PastCardCVC.swift */; };
		EC813F7E2599F89A00BBCE25 /* NewCardCVC.swift in Sources */ = {isa = PBXBuildFile; fileRef = EC813F7D2599F89A00BBCE25 /* NewCardCVC.swift */; };
		EC813F812599F8A800BBCE25 /* AddCardCVC.swift in Sources */ = {isa = PBXBuildFile; fileRef = EC813F802599F8A800BBCE25 /* AddCardCVC.swift */; };
		EC89E306259C1CA600DBAFE5 /* FollowSearch.storyboard in Resources */ = {isa = PBXBuildFile; fileRef = EC89E305259C1CA600DBAFE5 /* FollowSearch.storyboard */; };
		EC89E309259C1CC700DBAFE5 /* FollowSearchVC.swift in Sources */ = {isa = PBXBuildFile; fileRef = EC89E308259C1CC700DBAFE5 /* FollowSearchVC.swift */; };
		EC89E30C259C273400DBAFE5 /* FollowingSearchVC.swift in Sources */ = {isa = PBXBuildFile; fileRef = EC89E30B259C273400DBAFE5 /* FollowingSearchVC.swift */; };
		EC89E30F259C274200DBAFE5 /* FollowerSearchVC.swift in Sources */ = {isa = PBXBuildFile; fileRef = EC89E30E259C274200DBAFE5 /* FollowerSearchVC.swift */; };
		EC89E313259C27DF00DBAFE5 /* FollowingSearchCVC.swift in Sources */ = {isa = PBXBuildFile; fileRef = EC89E312259C27DF00DBAFE5 /* FollowingSearchCVC.swift */; };
		EC89E316259C280200DBAFE5 /* FollowingListCVC.swift in Sources */ = {isa = PBXBuildFile; fileRef = EC89E315259C280200DBAFE5 /* FollowingListCVC.swift */; };
		EC89E319259C281100DBAFE5 /* FollowerSearchCVC.swift in Sources */ = {isa = PBXBuildFile; fileRef = EC89E318259C281100DBAFE5 /* FollowerSearchCVC.swift */; };
		EC89E31C259C281F00DBAFE5 /* FollowerListCVC.swift in Sources */ = {isa = PBXBuildFile; fileRef = EC89E31B259C281F00DBAFE5 /* FollowerListCVC.swift */; };
		EC89E31F259C2B0800DBAFE5 /* FollowingSearchPVC.swift in Sources */ = {isa = PBXBuildFile; fileRef = EC89E31E259C2B0800DBAFE5 /* FollowingSearchPVC.swift */; };
		EC89E322259C376500DBAFE5 /* FollowPeopleCVC.swift in Sources */ = {isa = PBXBuildFile; fileRef = EC89E321259C376500DBAFE5 /* FollowPeopleCVC.swift */; };
		EC89E325259C377400DBAFE5 /* FollowPersonCVC.swift in Sources */ = {isa = PBXBuildFile; fileRef = EC89E324259C377400DBAFE5 /* FollowPersonCVC.swift */; };
		EC89E328259C378300DBAFE5 /* FollowHeaderCVC.swift in Sources */ = {isa = PBXBuildFile; fileRef = EC89E327259C378300DBAFE5 /* FollowHeaderCVC.swift */; };
		EC89E32B259C378F00DBAFE5 /* FollowCardCVC.swift in Sources */ = {isa = PBXBuildFile; fileRef = EC89E32A259C378F00DBAFE5 /* FollowCardCVC.swift */; };
		EC89E32E259C496C00DBAFE5 /* FollowMoreButtonCVC.swift in Sources */ = {isa = PBXBuildFile; fileRef = EC89E32D259C496C00DBAFE5 /* FollowMoreButtonCVC.swift */; };
		EC89E336259C4E7400DBAFE5 /* UnderTab.storyboard in Resources */ = {isa = PBXBuildFile; fileRef = EC89E335259C4E7400DBAFE5 /* UnderTab.storyboard */; };
		EC89E339259C507300DBAFE5 /* UnderTabBarController.swift in Sources */ = {isa = PBXBuildFile; fileRef = EC89E338259C507300DBAFE5 /* UnderTabBarController.swift */; };
		EC89E33F259C5EBB00DBAFE5 /* HomeCardCustomFlowLayout.swift in Sources */ = {isa = PBXBuildFile; fileRef = EC89E33E259C5EBB00DBAFE5 /* HomeCardCustomFlowLayout.swift */; };
		EC9C5CD025A41E8D0021AF96 /* SignUp.storyboard in Resources */ = {isa = PBXBuildFile; fileRef = EC9C5CCF25A41E8D0021AF96 /* SignUp.storyboard */; };
		EC9C5CD325A41EAA0021AF96 /* SignUpVC.swift in Sources */ = {isa = PBXBuildFile; fileRef = EC9C5CD225A41EAA0021AF96 /* SignUpVC.swift */; };
/* End PBXBuildFile section */

/* Begin PBXFileReference section */
		3A09AD0A5B04C9B6819B2606 /* Pods-BeMe.debug.xcconfig */ = {isa = PBXFileReference; includeInIndex = 1; lastKnownFileType = text.xcconfig; name = "Pods-BeMe.debug.xcconfig"; path = "Target Support Files/Pods-BeMe/Pods-BeMe.debug.xcconfig"; sourceTree = "<group>"; };
		81614202856C8826262057FD /* Pods-BeMe.release.xcconfig */ = {isa = PBXFileReference; includeInIndex = 1; lastKnownFileType = text.xcconfig; name = "Pods-BeMe.release.xcconfig"; path = "Target Support Files/Pods-BeMe/Pods-BeMe.release.xcconfig"; sourceTree = "<group>"; };
		A578D4E0259E727C00F69908 /* Answer.storyboard */ = {isa = PBXFileReference; fileEncoding = 4; lastKnownFileType = file.storyboard; name = Answer.storyboard; path = BeMe/Answer/s/Answer.storyboard; sourceTree = SOURCE_ROOT; };
		A578D4E3259E728500F69908 /* AnswerVC.swift */ = {isa = PBXFileReference; fileEncoding = 4; lastKnownFileType = sourcecode.swift; name = AnswerVC.swift; path = BeMe/Answer/ss/AnswerVC.swift; sourceTree = SOURCE_ROOT; };
		A578D4EF25A0C4E600F69908 /* Mypage.storyboard */ = {isa = PBXFileReference; lastKnownFileType = file.storyboard; path = Mypage.storyboard; sourceTree = SOURCE_ROOT; };
		A578D4F225A0C51400F69908 /* MypageVC.swift */ = {isa = PBXFileReference; lastKnownFileType = sourcecode.swift; path = MypageVC.swift; sourceTree = SOURCE_ROOT; };
		A57F708825A1AC8F00152E89 /* MypageSearchTVC.swift */ = {isa = PBXFileReference; lastKnownFileType = sourcecode.swift; path = MypageSearchTVC.swift; sourceTree = "<group>"; };
		A57F708B25A1ACB100152E89 /* MypageResultTVC.swift */ = {isa = PBXFileReference; lastKnownFileType = sourcecode.swift; path = MypageResultTVC.swift; sourceTree = "<group>"; };
		A57F708F25A1ACE400152E89 /* MypageProfileCRV.swift */ = {isa = PBXFileReference; lastKnownFileType = sourcecode.swift; path = MypageProfileCRV.swift; sourceTree = "<group>"; };
		A5CCCD9D25A334EA008A3125 /* MypageMyScrapTVC.swift */ = {isa = PBXFileReference; lastKnownFileType = sourcecode.swift; path = MypageMyScrapTVC.swift; sourceTree = "<group>"; };
		A5CCCDA025A33512008A3125 /* MypageOthersScrapTVC.swift */ = {isa = PBXFileReference; lastKnownFileType = sourcecode.swift; path = MypageOthersScrapTVC.swift; sourceTree = "<group>"; };
		D492E41925A0A0DE0088A181 /* ExploreDetailVC.swift */ = {isa = PBXFileReference; lastKnownFileType = sourcecode.swift; path = ExploreDetailVC.swift; sourceTree = "<group>"; };
		D492E42E25A0CE5E0088A181 /* AnswerTVC.swift */ = {isa = PBXFileReference; lastKnownFileType = sourcecode.swift; path = AnswerTVC.swift; sourceTree = "<group>"; };
		D492E43425A0E14C0088A181 /* CustomActionSheet.storyboard */ = {isa = PBXFileReference; lastKnownFileType = file.storyboard; path = CustomActionSheet.storyboard; sourceTree = "<group>"; };
		D492E43725A0E16D0088A181 /* CustomActionSheet.swift */ = {isa = PBXFileReference; lastKnownFileType = sourcecode.swift; path = CustomActionSheet.swift; sourceTree = "<group>"; };
		D492E43A25A0E6250088A181 /* DetailMoreTVC.swift */ = {isa = PBXFileReference; lastKnownFileType = sourcecode.swift; path = DetailMoreTVC.swift; sourceTree = "<group>"; };
		D492E43F25A0E6A80088A181 /* UITableView+Extensions.swift */ = {isa = PBXFileReference; lastKnownFileType = sourcecode.swift; path = "UITableView+Extensions.swift"; sourceTree = "<group>"; };
		D4E07CB2259F22C10075E616 /* Explore.storyboard */ = {isa = PBXFileReference; fileEncoding = 4; lastKnownFileType = file.storyboard; path = Explore.storyboard; sourceTree = "<group>"; };
		D4E07CB4259F22C10075E616 /* MoreTVC.swift */ = {isa = PBXFileReference; fileEncoding = 4; lastKnownFileType = sourcecode.swift; path = MoreTVC.swift; sourceTree = "<group>"; };
		D4E07CB5259F22C10075E616 /* CategoryTVC.swift */ = {isa = PBXFileReference; fileEncoding = 4; lastKnownFileType = sourcecode.swift; path = CategoryTVC.swift; sourceTree = "<group>"; };
		D4E07CB6259F22C10075E616 /* DiffThoughtCVC.swift */ = {isa = PBXFileReference; fileEncoding = 4; lastKnownFileType = sourcecode.swift; path = DiffThoughtCVC.swift; sourceTree = "<group>"; };
		D4E07CB7259F22C10075E616 /* CategoryCVC.swift */ = {isa = PBXFileReference; fileEncoding = 4; lastKnownFileType = sourcecode.swift; path = CategoryCVC.swift; sourceTree = "<group>"; };
		D4E07CB8259F22C10075E616 /* ArticleTVC.swift */ = {isa = PBXFileReference; fileEncoding = 4; lastKnownFileType = sourcecode.swift; path = ArticleTVC.swift; sourceTree = "<group>"; };
		D4E5FD36259E710200C57950 /* UIButton+Extensions.swift */ = {isa = PBXFileReference; lastKnownFileType = sourcecode.swift; path = "UIButton+Extensions.swift"; sourceTree = "<group>"; };
		D4F01028259C7A8000AA3EE8 /* ExploreVC.swift */ = {isa = PBXFileReference; lastKnownFileType = sourcecode.swift; path = ExploreVC.swift; sourceTree = "<group>"; };
		EC5C1FF525A433EE008EE335 /* String+Extensions.swift */ = {isa = PBXFileReference; lastKnownFileType = sourcecode.swift; path = "String+Extensions.swift"; sourceTree = "<group>"; };
		EC5C1FFB25A43E1A008EE335 /* SignUpControlVC.swift */ = {isa = PBXFileReference; lastKnownFileType = sourcecode.swift; path = SignUpControlVC.swift; sourceTree = "<group>"; };
		EC5C1FFF25A43FA5008EE335 /* SignUpPVC.swift */ = {isa = PBXFileReference; lastKnownFileType = sourcecode.swift; path = SignUpPVC.swift; sourceTree = "<group>"; };
		EC5C200225A43FD0008EE335 /* SignUpProfileVC.swift */ = {isa = PBXFileReference; lastKnownFileType = sourcecode.swift; path = SignUpProfileVC.swift; sourceTree = "<group>"; };
		EC5C200925A47208008EE335 /* LogIn.storyboard */ = {isa = PBXFileReference; lastKnownFileType = file.storyboard; path = LogIn.storyboard; sourceTree = "<group>"; };
		EC5C200C25A4721E008EE335 /* LogInVC.swift */ = {isa = PBXFileReference; lastKnownFileType = sourcecode.swift; path = LogInVC.swift; sourceTree = "<group>"; };
		EC5C201425A49CD5008EE335 /* SignUpService.swift */ = {isa = PBXFileReference; lastKnownFileType = sourcecode.swift; path = SignUpService.swift; sourceTree = "<group>"; };
		EC5C201925A49D7E008EE335 /* SignUpData.swift */ = {isa = PBXFileReference; lastKnownFileType = sourcecode.swift; path = SignUpData.swift; sourceTree = "<group>"; };
		EC5C201E25A4C7EB008EE335 /* LogInService.swift */ = {isa = PBXFileReference; lastKnownFileType = sourcecode.swift; path = LogInService.swift; sourceTree = "<group>"; };
		EC5C202225A4C818008EE335 /* LogInData.swift */ = {isa = PBXFileReference; lastKnownFileType = sourcecode.swift; path = LogInData.swift; sourceTree = "<group>"; };
		EC71C82F25A5A2E300F51FEC /* HomePageData.swift */ = {isa = PBXFileReference; lastKnownFileType = sourcecode.swift; path = HomePageData.swift; sourceTree = "<group>"; };
		EC71C83425A5A41800F51FEC /* HomePageDataService.swift */ = {isa = PBXFileReference; lastKnownFileType = sourcecode.swift; path = HomePageDataService.swift; sourceTree = "<group>"; };
		EC71C84025A5B1BA00F51FEC /* HomeNewQuestionData.swift */ = {isa = PBXFileReference; lastKnownFileType = sourcecode.swift; path = HomeNewQuestionData.swift; sourceTree = "<group>"; };
		EC71C84B25A7769B00F51FEC /* ShittyImageCropVC.swift */ = {isa = PBXFileReference; lastKnownFileType = sourcecode.swift; path = ShittyImageCropVC.swift; sourceTree = "<group>"; };
		EC71C84E25A778CE00F51FEC /* SignUpCropVC.swift */ = {isa = PBXFileReference; lastKnownFileType = sourcecode.swift; path = SignUpCropVC.swift; sourceTree = "<group>"; };
		EC737F18259D867A0035207F /* CustomTodayCardView.swift */ = {isa = PBXFileReference; lastKnownFileType = sourcecode.swift; path = CustomTodayCardView.swift; sourceTree = "<group>"; };
		EC737F1B259D8B9E0035207F /* CustomAddCardView.swift */ = {isa = PBXFileReference; lastKnownFileType = sourcecode.swift; path = CustomAddCardView.swift; sourceTree = "<group>"; };
		EC737F20259DB2C40035207F /* FollowUpperCVC.swift */ = {isa = PBXFileReference; lastKnownFileType = sourcecode.swift; path = FollowUpperCVC.swift; sourceTree = "<group>"; };
		EC75A22825A8149900F4E160 /* HomeNewQuestionService.swift */ = {isa = PBXFileReference; lastKnownFileType = sourcecode.swift; path = HomeNewQuestionService.swift; sourceTree = "<group>"; };
		EC75A22B25A81AB100F4E160 /* HomeChangeQuestionService.swift */ = {isa = PBXFileReference; lastKnownFileType = sourcecode.swift; path = HomeChangeQuestionService.swift; sourceTree = "<group>"; };
		EC75A22E25A85DE800F4E160 /* HomeChangePublicService.swift */ = {isa = PBXFileReference; lastKnownFileType = sourcecode.swift; path = HomeChangePublicService.swift; sourceTree = "<group>"; };
		EC75A23125A8664200F4E160 /* HomeDeleteAnswerService.swift */ = {isa = PBXFileReference; lastKnownFileType = sourcecode.swift; path = HomeDeleteAnswerService.swift; sourceTree = "<group>"; };
		EC7C1600259B469D00A5BA4C /* UIViewController+Extensions.swift */ = {isa = PBXFileReference; lastKnownFileType = sourcecode.swift; path = "UIViewController+Extensions.swift"; sourceTree = "<group>"; };
		EC7C1604259B485D00A5BA4C /* CustomAlertView.swift */ = {isa = PBXFileReference; lastKnownFileType = sourcecode.swift; path = CustomAlertView.swift; sourceTree = "<group>"; };
		EC7C160E259B8B8100A5BA4C /* Following.storyboard */ = {isa = PBXFileReference; lastKnownFileType = file.storyboard; path = Following.storyboard; sourceTree = "<group>"; };
		EC7C1611259B8BA100A5BA4C /* FollowingVC.swift */ = {isa = PBXFileReference; lastKnownFileType = sourcecode.swift; path = FollowingVC.swift; sourceTree = "<group>"; };
		EC7C1614259B925A00A5BA4C /* FollowingPVC.swift */ = {isa = PBXFileReference; lastKnownFileType = sourcecode.swift; path = FollowingPVC.swift; sourceTree = "<group>"; };
		EC7C1617259B933F00A5BA4C /* FollowInfo.storyboard */ = {isa = PBXFileReference; lastKnownFileType = file.storyboard; path = FollowInfo.storyboard; sourceTree = "<group>"; };
		EC7C161A259B9A9200A5BA4C /* FollowingInfoVC.swift */ = {isa = PBXFileReference; lastKnownFileType = sourcecode.swift; path = FollowingInfoVC.swift; sourceTree = "<group>"; };
		EC7C161D259B9B0F00A5BA4C /* FollowingPeopleCVC.swift */ = {isa = PBXFileReference; lastKnownFileType = sourcecode.swift; path = FollowingPeopleCVC.swift; sourceTree = "<group>"; };
		EC7C1620259B9B8800A5BA4C /* FollowingPersonCVC.swift */ = {isa = PBXFileReference; lastKnownFileType = sourcecode.swift; path = FollowingPersonCVC.swift; sourceTree = "<group>"; };
		EC7C1623259B9CA500A5BA4C /* FollowingHeaderCVC.swift */ = {isa = PBXFileReference; lastKnownFileType = sourcecode.swift; path = FollowingHeaderCVC.swift; sourceTree = "<group>"; };
		EC7C1626259B9CE200A5BA4C /* FollowingCardCVC.swift */ = {isa = PBXFileReference; lastKnownFileType = sourcecode.swift; path = FollowingCardCVC.swift; sourceTree = "<group>"; };
		EC7C1629259BA01200A5BA4C /* FollowerInfoVC.swift */ = {isa = PBXFileReference; lastKnownFileType = sourcecode.swift; path = FollowerInfoVC.swift; sourceTree = "<group>"; };
		EC7C1630259BACF100A5BA4C /* FollowerPeopleCVC.swift */ = {isa = PBXFileReference; lastKnownFileType = sourcecode.swift; path = FollowerPeopleCVC.swift; sourceTree = "<group>"; };
		EC7C1633259BAD0600A5BA4C /* FollowerPersonCVC.swift */ = {isa = PBXFileReference; lastKnownFileType = sourcecode.swift; path = FollowerPersonCVC.swift; sourceTree = "<group>"; };
		EC7C1636259BAD1A00A5BA4C /* FollowerHeaderCVC.swift */ = {isa = PBXFileReference; lastKnownFileType = sourcecode.swift; path = FollowerHeaderCVC.swift; sourceTree = "<group>"; };
		EC7C1639259BAD2D00A5BA4C /* FollowerCardCVC.swift */ = {isa = PBXFileReference; lastKnownFileType = sourcecode.swift; path = FollowerCardCVC.swift; sourceTree = "<group>"; };
		EC7F0EA025A05460008EB88A /* CustomHomeActionSheetAlert.swift */ = {isa = PBXFileReference; lastKnownFileType = sourcecode.swift; path = CustomHomeActionSheetAlert.swift; sourceTree = "<group>"; };
		EC7F0EA825A057DF008EB88A /* HomeVC+UnderAlert.swift */ = {isa = PBXFileReference; lastKnownFileType = sourcecode.swift; path = "HomeVC+UnderAlert.swift"; sourceTree = "<group>"; };
		EC7F0EAB25A059AA008EB88A /* HomeVC+Protocols.swift */ = {isa = PBXFileReference; lastKnownFileType = sourcecode.swift; path = "HomeVC+Protocols.swift"; sourceTree = "<group>"; };
		EC7F0EAE25A09F24008EB88A /* AnswerDataForViewController.swift */ = {isa = PBXFileReference; lastKnownFileType = sourcecode.swift; path = AnswerDataForViewController.swift; sourceTree = "<group>"; };
		EC7FEFA425A38AE200C61147 /* Search.storyboard */ = {isa = PBXFileReference; lastKnownFileType = file.storyboard; path = Search.storyboard; sourceTree = "<group>"; };
		EC7FEFA725A38AF100C61147 /* SearchVC.swift */ = {isa = PBXFileReference; lastKnownFileType = sourcecode.swift; path = SearchVC.swift; sourceTree = "<group>"; };
		EC7FEFAA25A38FE200C61147 /* SearchRecentTVC.swift */ = {isa = PBXFileReference; lastKnownFileType = sourcecode.swift; path = SearchRecentTVC.swift; sourceTree = "<group>"; };
		EC7FEFAD25A3901100C61147 /* SearchNewTVC.swift */ = {isa = PBXFileReference; lastKnownFileType = sourcecode.swift; path = SearchNewTVC.swift; sourceTree = "<group>"; };
		EC7FEFB025A39B7000C61147 /* UITextField+Extensions.swift */ = {isa = PBXFileReference; lastKnownFileType = sourcecode.swift; path = "UITextField+Extensions.swift"; sourceTree = "<group>"; };
		EC813F202599A15100BBCE25 /* BeMe.app */ = {isa = PBXFileReference; explicitFileType = wrapper.application; includeInIndex = 0; path = BeMe.app; sourceTree = BUILT_PRODUCTS_DIR; };
		EC813F232599A15100BBCE25 /* AppDelegate.swift */ = {isa = PBXFileReference; lastKnownFileType = sourcecode.swift; path = AppDelegate.swift; sourceTree = "<group>"; };
		EC813F252599A15100BBCE25 /* SceneDelegate.swift */ = {isa = PBXFileReference; lastKnownFileType = sourcecode.swift; path = SceneDelegate.swift; sourceTree = "<group>"; };
		EC813F272599A15100BBCE25 /* ViewController.swift */ = {isa = PBXFileReference; lastKnownFileType = sourcecode.swift; path = ViewController.swift; sourceTree = "<group>"; };
		EC813F2A2599A15100BBCE25 /* Base */ = {isa = PBXFileReference; lastKnownFileType = file.storyboard; name = Base; path = Base.lproj/Main.storyboard; sourceTree = "<group>"; };
		EC813F2C2599A15200BBCE25 /* Assets.xcassets */ = {isa = PBXFileReference; lastKnownFileType = folder.assetcatalog; path = Assets.xcassets; sourceTree = "<group>"; };
		EC813F2F2599A15200BBCE25 /* Base */ = {isa = PBXFileReference; lastKnownFileType = file.storyboard; name = Base; path = Base.lproj/LaunchScreen.storyboard; sourceTree = "<group>"; };
		EC813F312599A15200BBCE25 /* Info.plist */ = {isa = PBXFileReference; lastKnownFileType = text.plist.xml; path = Info.plist; sourceTree = "<group>"; };
		EC813F422599A42700BBCE25 /* APIConstants.swift */ = {isa = PBXFileReference; lastKnownFileType = sourcecode.swift; path = APIConstants.swift; sourceTree = "<group>"; };
		EC813F452599A44F00BBCE25 /* GenericResponse.swift */ = {isa = PBXFileReference; lastKnownFileType = sourcecode.swift; path = GenericResponse.swift; sourceTree = "<group>"; };
		EC813F482599A59500BBCE25 /* NetworkResult.swift */ = {isa = PBXFileReference; lastKnownFileType = sourcecode.swift; path = NetworkResult.swift; sourceTree = "<group>"; };
		EC813F602599F3E900BBCE25 /* UIColor+Extensions.swift */ = {isa = PBXFileReference; lastKnownFileType = sourcecode.swift; path = "UIColor+Extensions.swift"; sourceTree = "<group>"; };
		EC813F642599F40800BBCE25 /* UIView+Extensions.swift */ = {isa = PBXFileReference; lastKnownFileType = sourcecode.swift; path = "UIView+Extensions.swift"; sourceTree = "<group>"; };
		EC813F722599F84F00BBCE25 /* Home.storyboard */ = {isa = PBXFileReference; lastKnownFileType = file.storyboard; path = Home.storyboard; sourceTree = "<group>"; };
		EC813F762599F86900BBCE25 /* HomeVC.swift */ = {isa = PBXFileReference; lastKnownFileType = sourcecode.swift; path = HomeVC.swift; sourceTree = "<group>"; };
		EC813F7A2599F88D00BBCE25 /* PastCardCVC.swift */ = {isa = PBXFileReference; lastKnownFileType = sourcecode.swift; path = PastCardCVC.swift; sourceTree = "<group>"; };
		EC813F7D2599F89A00BBCE25 /* NewCardCVC.swift */ = {isa = PBXFileReference; lastKnownFileType = sourcecode.swift; path = NewCardCVC.swift; sourceTree = "<group>"; };
		EC813F802599F8A800BBCE25 /* AddCardCVC.swift */ = {isa = PBXFileReference; lastKnownFileType = sourcecode.swift; path = AddCardCVC.swift; sourceTree = "<group>"; };
		EC89E305259C1CA600DBAFE5 /* FollowSearch.storyboard */ = {isa = PBXFileReference; lastKnownFileType = file.storyboard; path = FollowSearch.storyboard; sourceTree = "<group>"; };
		EC89E308259C1CC700DBAFE5 /* FollowSearchVC.swift */ = {isa = PBXFileReference; lastKnownFileType = sourcecode.swift; path = FollowSearchVC.swift; sourceTree = "<group>"; };
		EC89E30B259C273400DBAFE5 /* FollowingSearchVC.swift */ = {isa = PBXFileReference; lastKnownFileType = sourcecode.swift; path = FollowingSearchVC.swift; sourceTree = "<group>"; };
		EC89E30E259C274200DBAFE5 /* FollowerSearchVC.swift */ = {isa = PBXFileReference; lastKnownFileType = sourcecode.swift; path = FollowerSearchVC.swift; sourceTree = "<group>"; };
		EC89E312259C27DF00DBAFE5 /* FollowingSearchCVC.swift */ = {isa = PBXFileReference; lastKnownFileType = sourcecode.swift; path = FollowingSearchCVC.swift; sourceTree = "<group>"; };
		EC89E315259C280200DBAFE5 /* FollowingListCVC.swift */ = {isa = PBXFileReference; lastKnownFileType = sourcecode.swift; path = FollowingListCVC.swift; sourceTree = "<group>"; };
		EC89E318259C281100DBAFE5 /* FollowerSearchCVC.swift */ = {isa = PBXFileReference; lastKnownFileType = sourcecode.swift; path = FollowerSearchCVC.swift; sourceTree = "<group>"; };
		EC89E31B259C281F00DBAFE5 /* FollowerListCVC.swift */ = {isa = PBXFileReference; lastKnownFileType = sourcecode.swift; path = FollowerListCVC.swift; sourceTree = "<group>"; };
		EC89E31E259C2B0800DBAFE5 /* FollowingSearchPVC.swift */ = {isa = PBXFileReference; lastKnownFileType = sourcecode.swift; path = FollowingSearchPVC.swift; sourceTree = "<group>"; };
		EC89E321259C376500DBAFE5 /* FollowPeopleCVC.swift */ = {isa = PBXFileReference; lastKnownFileType = sourcecode.swift; path = FollowPeopleCVC.swift; sourceTree = "<group>"; };
		EC89E324259C377400DBAFE5 /* FollowPersonCVC.swift */ = {isa = PBXFileReference; lastKnownFileType = sourcecode.swift; path = FollowPersonCVC.swift; sourceTree = "<group>"; };
		EC89E327259C378300DBAFE5 /* FollowHeaderCVC.swift */ = {isa = PBXFileReference; lastKnownFileType = sourcecode.swift; path = FollowHeaderCVC.swift; sourceTree = "<group>"; };
		EC89E32A259C378F00DBAFE5 /* FollowCardCVC.swift */ = {isa = PBXFileReference; lastKnownFileType = sourcecode.swift; path = FollowCardCVC.swift; sourceTree = "<group>"; };
		EC89E32D259C496C00DBAFE5 /* FollowMoreButtonCVC.swift */ = {isa = PBXFileReference; lastKnownFileType = sourcecode.swift; path = FollowMoreButtonCVC.swift; sourceTree = "<group>"; };
		EC89E335259C4E7400DBAFE5 /* UnderTab.storyboard */ = {isa = PBXFileReference; lastKnownFileType = file.storyboard; path = UnderTab.storyboard; sourceTree = "<group>"; };
		EC89E338259C507300DBAFE5 /* UnderTabBarController.swift */ = {isa = PBXFileReference; lastKnownFileType = sourcecode.swift; path = UnderTabBarController.swift; sourceTree = "<group>"; };
		EC89E33E259C5EBB00DBAFE5 /* HomeCardCustomFlowLayout.swift */ = {isa = PBXFileReference; lastKnownFileType = sourcecode.swift; path = HomeCardCustomFlowLayout.swift; sourceTree = "<group>"; };
		EC9C5CCF25A41E8D0021AF96 /* SignUp.storyboard */ = {isa = PBXFileReference; lastKnownFileType = file.storyboard; path = SignUp.storyboard; sourceTree = "<group>"; };
		EC9C5CD225A41EAA0021AF96 /* SignUpVC.swift */ = {isa = PBXFileReference; lastKnownFileType = sourcecode.swift; path = SignUpVC.swift; sourceTree = "<group>"; };
		FE9DABE27D9C7D77517D82AB /* Pods_BeMe.framework */ = {isa = PBXFileReference; explicitFileType = wrapper.framework; includeInIndex = 0; path = Pods_BeMe.framework; sourceTree = BUILT_PRODUCTS_DIR; };
/* End PBXFileReference section */

/* Begin PBXFrameworksBuildPhase section */
		EC813F1D2599A15100BBCE25 /* Frameworks */ = {
			isa = PBXFrameworksBuildPhase;
			buildActionMask = 2147483647;
			files = (
				3FDD35238DF8F48142B9F9F1 /* Pods_BeMe.framework in Frameworks */,
			);
			runOnlyForDeploymentPostprocessing = 0;
		};
/* End PBXFrameworksBuildPhase section */

/* Begin PBXGroup section */
		5E3EB0F49141E3FA9B6530EC /* Frameworks */ = {
			isa = PBXGroup;
			children = (
				FE9DABE27D9C7D77517D82AB /* Pods_BeMe.framework */,
			);
			name = Frameworks;
			sourceTree = "<group>";
		};
		6CFABAAD0D52A376662BF022 /* Pods */ = {
			isa = PBXGroup;
			children = (
				3A09AD0A5B04C9B6819B2606 /* Pods-BeMe.debug.xcconfig */,
				81614202856C8826262057FD /* Pods-BeMe.release.xcconfig */,
			);
			path = Pods;
			sourceTree = "<group>";
		};
		A578D4DD259E724500F69908 /* VCs */ = {
			isa = PBXGroup;
			children = (
				A578D4E3259E728500F69908 /* AnswerVC.swift */,
			);
			path = VCs;
			sourceTree = "<group>";
		};
		A578D4DF259E725F00F69908 /* Storyboards */ = {
			isa = PBXGroup;
			children = (
				A578D4E0259E727C00F69908 /* Answer.storyboard */,
			);
			path = Storyboards;
			sourceTree = "<group>";
		};
		A578D4E725A0BF8F00F69908 /* Mypage */ = {
			isa = PBXGroup;
			children = (
				A578D4EA25A0BFBD00F69908 /* Cells */,
				A578D4E925A0BFB100F69908 /* VCs */,
				A578D4E825A0BFA900F69908 /* Storyboards */,
			);
			path = Mypage;
			sourceTree = "<group>";
		};
		A578D4E825A0BFA900F69908 /* Storyboards */ = {
			isa = PBXGroup;
			children = (
				A578D4EF25A0C4E600F69908 /* Mypage.storyboard */,
			);
			path = Storyboards;
			sourceTree = "<group>";
		};
		A578D4E925A0BFB100F69908 /* VCs */ = {
			isa = PBXGroup;
			children = (
				A578D4F225A0C51400F69908 /* MypageVC.swift */,
			);
			path = VCs;
			sourceTree = "<group>";
		};
		A578D4EA25A0BFBD00F69908 /* Cells */ = {
			isa = PBXGroup;
			children = (
				A57F708825A1AC8F00152E89 /* MypageSearchTVC.swift */,
				A57F708B25A1ACB100152E89 /* MypageResultTVC.swift */,
				A57F708F25A1ACE400152E89 /* MypageProfileCRV.swift */,
				A5CCCD9D25A334EA008A3125 /* MypageMyScrapTVC.swift */,
				A5CCCDA025A33512008A3125 /* MypageOthersScrapTVC.swift */,
			);
			path = Cells;
			sourceTree = "<group>";
		};
		A5AF7DBA259A0971003C42B5 /* Answer */ = {
			isa = PBXGroup;
			children = (
				A578D4DF259E725F00F69908 /* Storyboards */,
				A578D4DD259E724500F69908 /* VCs */,
			);
			path = Answer;
			sourceTree = "<group>";
		};
		D492E43125A0E0F20088A181 /* CustomActionSheet */ = {
			isa = PBXGroup;
			children = (
				D492E43325A0E1110088A181 /* Storyboard */,
				D492E43225A0E1090088A181 /* VC */,
			);
			path = CustomActionSheet;
			sourceTree = "<group>";
		};
		D492E43225A0E1090088A181 /* VC */ = {
			isa = PBXGroup;
			children = (
				D492E43725A0E16D0088A181 /* CustomActionSheet.swift */,
			);
			path = VC;
			sourceTree = "<group>";
		};
		D492E43325A0E1110088A181 /* Storyboard */ = {
			isa = PBXGroup;
			children = (
				D492E43425A0E14C0088A181 /* CustomActionSheet.storyboard */,
			);
			path = Storyboard;
			sourceTree = "<group>";
		};
		D4DCD595259C66D4008DB300 /* Explore */ = {
			isa = PBXGroup;
			children = (
				D4E07CB3259F22C10075E616 /* Cells */,
				D4E07CB1259F22C10075E616 /* Storyboards */,
				D4DCD597259C66EB008DB300 /* VCs */,
			);
			path = Explore;
			sourceTree = "<group>";
		};
		D4DCD597259C66EB008DB300 /* VCs */ = {
			isa = PBXGroup;
			children = (
				D4F01028259C7A8000AA3EE8 /* ExploreVC.swift */,
				D492E41925A0A0DE0088A181 /* ExploreDetailVC.swift */,
			);
			path = VCs;
			sourceTree = "<group>";
		};
		D4E07CB1259F22C10075E616 /* Storyboards */ = {
			isa = PBXGroup;
			children = (
				D4E07CB2259F22C10075E616 /* Explore.storyboard */,
			);
			path = Storyboards;
			sourceTree = "<group>";
		};
		D4E07CB3259F22C10075E616 /* Cells */ = {
			isa = PBXGroup;
			children = (
				D4E07CB4259F22C10075E616 /* MoreTVC.swift */,
				D492E43A25A0E6250088A181 /* DetailMoreTVC.swift */,
				D492E42E25A0CE5E0088A181 /* AnswerTVC.swift */,
				D4E07CB5259F22C10075E616 /* CategoryTVC.swift */,
				D4E07CB6259F22C10075E616 /* DiffThoughtCVC.swift */,
				D4E07CB7259F22C10075E616 /* CategoryCVC.swift */,
				D4E07CB8259F22C10075E616 /* ArticleTVC.swift */,
			);
			path = Cells;
			sourceTree = "<group>";
		};
		EC5C200625A471E5008EE335 /* LogIn */ = {
			isa = PBXGroup;
			children = (
				EC5C200825A471F6008EE335 /* VCs */,
				EC5C200725A471EE008EE335 /* Storyboards */,
			);
			path = LogIn;
			sourceTree = "<group>";
		};
		EC5C200725A471EE008EE335 /* Storyboards */ = {
			isa = PBXGroup;
			children = (
				EC5C200925A47208008EE335 /* LogIn.storyboard */,
			);
			path = Storyboards;
			sourceTree = "<group>";
		};
		EC5C200825A471F6008EE335 /* VCs */ = {
			isa = PBXGroup;
			children = (
				EC5C200C25A4721E008EE335 /* LogInVC.swift */,
			);
			path = VCs;
			sourceTree = "<group>";
		};
		EC5C201125A49C8A008EE335 /* APIService */ = {
			isa = PBXGroup;
			children = (
				EC71C83725A5A41C00F51FEC /* Home */,
				EC5C201D25A4C7DB008EE335 /* LogIn */,
				EC5C201325A49CC5008EE335 /* SignUp */,
				EC813F422599A42700BBCE25 /* APIConstants.swift */,
				EC813F482599A59500BBCE25 /* NetworkResult.swift */,
			);
			path = APIService;
			sourceTree = "<group>";
		};
		EC5C201225A49C98008EE335 /* Model */ = {
			isa = PBXGroup;
			children = (
				EC71C82D25A5A2C100F51FEC /* Home */,
				EC5C202125A4C806008EE335 /* LogIn */,
				EC5C201825A49D60008EE335 /* SignUp */,
				EC813F452599A44F00BBCE25 /* GenericResponse.swift */,
			);
			path = Model;
			sourceTree = "<group>";
		};
		EC5C201325A49CC5008EE335 /* SignUp */ = {
			isa = PBXGroup;
			children = (
				EC5C201425A49CD5008EE335 /* SignUpService.swift */,
			);
			path = SignUp;
			sourceTree = "<group>";
		};
		EC5C201825A49D60008EE335 /* SignUp */ = {
			isa = PBXGroup;
			children = (
				EC5C201925A49D7E008EE335 /* SignUpData.swift */,
			);
			path = SignUp;
			sourceTree = "<group>";
		};
		EC5C201D25A4C7DB008EE335 /* LogIn */ = {
			isa = PBXGroup;
			children = (
				EC5C201E25A4C7EB008EE335 /* LogInService.swift */,
			);
			path = LogIn;
			sourceTree = "<group>";
		};
		EC5C202125A4C806008EE335 /* LogIn */ = {
			isa = PBXGroup;
			children = (
				EC5C202225A4C818008EE335 /* LogInData.swift */,
			);
			path = LogIn;
			sourceTree = "<group>";
		};
		EC71C82D25A5A2C100F51FEC /* Home */ = {
			isa = PBXGroup;
			children = (
				EC71C82F25A5A2E300F51FEC /* HomePageData.swift */,
				EC71C84025A5B1BA00F51FEC /* HomeNewQuestionData.swift */,
			);
			path = Home;
			sourceTree = "<group>";
		};
		EC71C83725A5A41C00F51FEC /* Home */ = {
			isa = PBXGroup;
			children = (
				EC71C83425A5A41800F51FEC /* HomePageDataService.swift */,
				EC75A22825A8149900F4E160 /* HomeNewQuestionService.swift */,
				EC75A22B25A81AB100F4E160 /* HomeChangeQuestionService.swift */,
				EC75A22E25A85DE800F4E160 /* HomeChangePublicService.swift */,
				EC75A23125A8664200F4E160 /* HomeDeleteAnswerService.swift */,
			);
			path = Home;
			sourceTree = "<group>";
		};
		EC7C1603259B483F00A5BA4C /* CustomViews */ = {
			isa = PBXGroup;
			children = (
				EC7C1604259B485D00A5BA4C /* CustomAlertView.swift */,
				EC737F18259D867A0035207F /* CustomTodayCardView.swift */,
				EC737F1B259D8B9E0035207F /* CustomAddCardView.swift */,
				EC7F0EA025A05460008EB88A /* CustomHomeActionSheetAlert.swift */,
			);
			path = CustomViews;
			sourceTree = "<group>";
		};
		EC7C160A259B8B1700A5BA4C /* Following */ = {
			isa = PBXGroup;
			children = (
				EC7C160B259B8B5300A5BA4C /* Storyboards */,
				EC7C160C259B8B6300A5BA4C /* VCs */,
				EC7C160D259B8B6700A5BA4C /* Cells */,
			);
			path = Following;
			sourceTree = "<group>";
		};
		EC7C160B259B8B5300A5BA4C /* Storyboards */ = {
			isa = PBXGroup;
			children = (
				EC7C160E259B8B8100A5BA4C /* Following.storyboard */,
				EC7C1617259B933F00A5BA4C /* FollowInfo.storyboard */,
				EC89E305259C1CA600DBAFE5 /* FollowSearch.storyboard */,
			);
			path = Storyboards;
			sourceTree = "<group>";
		};
		EC7C160C259B8B6300A5BA4C /* VCs */ = {
			isa = PBXGroup;
			children = (
				EC7C1611259B8BA100A5BA4C /* FollowingVC.swift */,
				EC7C1614259B925A00A5BA4C /* FollowingPVC.swift */,
				EC7C161A259B9A9200A5BA4C /* FollowingInfoVC.swift */,
				EC7C1629259BA01200A5BA4C /* FollowerInfoVC.swift */,
				EC89E308259C1CC700DBAFE5 /* FollowSearchVC.swift */,
				EC89E30B259C273400DBAFE5 /* FollowingSearchVC.swift */,
				EC89E30E259C274200DBAFE5 /* FollowerSearchVC.swift */,
				EC89E31E259C2B0800DBAFE5 /* FollowingSearchPVC.swift */,
			);
			path = VCs;
			sourceTree = "<group>";
		};
		EC7C160D259B8B6700A5BA4C /* Cells */ = {
			isa = PBXGroup;
			children = (
				EC7C161D259B9B0F00A5BA4C /* FollowingPeopleCVC.swift */,
				EC7C1620259B9B8800A5BA4C /* FollowingPersonCVC.swift */,
				EC7C1623259B9CA500A5BA4C /* FollowingHeaderCVC.swift */,
				EC7C1626259B9CE200A5BA4C /* FollowingCardCVC.swift */,
				EC7C1630259BACF100A5BA4C /* FollowerPeopleCVC.swift */,
				EC7C1633259BAD0600A5BA4C /* FollowerPersonCVC.swift */,
				EC7C1636259BAD1A00A5BA4C /* FollowerHeaderCVC.swift */,
				EC7C1639259BAD2D00A5BA4C /* FollowerCardCVC.swift */,
				EC89E312259C27DF00DBAFE5 /* FollowingSearchCVC.swift */,
				EC89E315259C280200DBAFE5 /* FollowingListCVC.swift */,
				EC89E318259C281100DBAFE5 /* FollowerSearchCVC.swift */,
				EC89E31B259C281F00DBAFE5 /* FollowerListCVC.swift */,
				EC89E321259C376500DBAFE5 /* FollowPeopleCVC.swift */,
				EC89E324259C377400DBAFE5 /* FollowPersonCVC.swift */,
				EC89E327259C378300DBAFE5 /* FollowHeaderCVC.swift */,
				EC89E32A259C378F00DBAFE5 /* FollowCardCVC.swift */,
				EC89E32D259C496C00DBAFE5 /* FollowMoreButtonCVC.swift */,
				EC737F20259DB2C40035207F /* FollowUpperCVC.swift */,
			);
			path = Cells;
			sourceTree = "<group>";
		};
		EC7FEFA025A38A7F00C61147 /* Search */ = {
			isa = PBXGroup;
			children = (
				EC7FEFA325A38AA100C61147 /* Cells */,
				EC7FEFA225A38A9B00C61147 /* VCs */,
				EC7FEFA125A38A9100C61147 /* Storyboards */,
			);
			path = Search;
			sourceTree = "<group>";
		};
		EC7FEFA125A38A9100C61147 /* Storyboards */ = {
			isa = PBXGroup;
			children = (
				EC7FEFA425A38AE200C61147 /* Search.storyboard */,
			);
			path = Storyboards;
			sourceTree = "<group>";
		};
		EC7FEFA225A38A9B00C61147 /* VCs */ = {
			isa = PBXGroup;
			children = (
				EC7FEFA725A38AF100C61147 /* SearchVC.swift */,
			);
			path = VCs;
			sourceTree = "<group>";
		};
		EC7FEFA325A38AA100C61147 /* Cells */ = {
			isa = PBXGroup;
			children = (
				EC7FEFAA25A38FE200C61147 /* SearchRecentTVC.swift */,
				EC7FEFAD25A3901100C61147 /* SearchNewTVC.swift */,
			);
			path = Cells;
			sourceTree = "<group>";
		};
		EC813F172599A15100BBCE25 = {
			isa = PBXGroup;
			children = (
				EC813F222599A15100BBCE25 /* BeMe */,
				EC813F212599A15100BBCE25 /* Products */,
				6CFABAAD0D52A376662BF022 /* Pods */,
				5E3EB0F49141E3FA9B6530EC /* Frameworks */,
			);
			sourceTree = "<group>";
		};
		EC813F212599A15100BBCE25 /* Products */ = {
			isa = PBXGroup;
			children = (
				EC813F202599A15100BBCE25 /* BeMe.app */,
			);
			name = Products;
			sourceTree = "<group>";
		};
		EC813F222599A15100BBCE25 /* BeMe */ = {
			isa = PBXGroup;
			children = (
				EC5C201225A49C98008EE335 /* Model */,
				EC5C201125A49C8A008EE335 /* APIService */,
				EC5C200625A471E5008EE335 /* LogIn */,
				EC9C5CCB25A41E5F0021AF96 /* SignUp */,
				EC7FEFA025A38A7F00C61147 /* Search */,
				A578D4E725A0BF8F00F69908 /* Mypage */,
				D4DCD595259C66D4008DB300 /* Explore */,
				A5AF7DBA259A0971003C42B5 /* Answer */,
				EC89E332259C4E2800DBAFE5 /* UnderTab */,
				EC7C160A259B8B1700A5BA4C /* Following */,
				D492E43125A0E0F20088A181 /* CustomActionSheet */,
				EC7C1603259B483F00A5BA4C /* CustomViews */,
				EC813F6E2599F82D00BBCE25 /* Home */,
				EC813F5F2599F3C700BBCE25 /* Extensions */,
				EC813F232599A15100BBCE25 /* AppDelegate.swift */,
				EC813F252599A15100BBCE25 /* SceneDelegate.swift */,
				EC813F272599A15100BBCE25 /* ViewController.swift */,
				EC813F292599A15100BBCE25 /* Main.storyboard */,
				EC813F2C2599A15200BBCE25 /* Assets.xcassets */,
				EC813F2E2599A15200BBCE25 /* LaunchScreen.storyboard */,
				EC813F312599A15200BBCE25 /* Info.plist */,
			);
			path = BeMe;
			sourceTree = "<group>";
		};
		EC813F5F2599F3C700BBCE25 /* Extensions */ = {
			isa = PBXGroup;
			children = (
				EC813F602599F3E900BBCE25 /* UIColor+Extensions.swift */,
				EC813F642599F40800BBCE25 /* UIView+Extensions.swift */,
				EC7C1600259B469D00A5BA4C /* UIViewController+Extensions.swift */,
				D4E5FD36259E710200C57950 /* UIButton+Extensions.swift */,
				D492E43F25A0E6A80088A181 /* UITableView+Extensions.swift */,
				EC7FEFB025A39B7000C61147 /* UITextField+Extensions.swift */,
				EC5C1FF525A433EE008EE335 /* String+Extensions.swift */,
			);
			path = Extensions;
			sourceTree = "<group>";
		};
		EC813F6E2599F82D00BBCE25 /* Home */ = {
			isa = PBXGroup;
			children = (
				EC89E33D259C5E9D00DBAFE5 /* FlowLayouts */,
				EC813F6F2599F83300BBCE25 /* Storyboards */,
				EC813F702599F83900BBCE25 /* VCs */,
				EC813F712599F83D00BBCE25 /* Cells */,
			);
			path = Home;
			sourceTree = "<group>";
		};
		EC813F6F2599F83300BBCE25 /* Storyboards */ = {
			isa = PBXGroup;
			children = (
				EC813F722599F84F00BBCE25 /* Home.storyboard */,
			);
			path = Storyboards;
			sourceTree = "<group>";
		};
		EC813F702599F83900BBCE25 /* VCs */ = {
			isa = PBXGroup;
			children = (
				EC813F762599F86900BBCE25 /* HomeVC.swift */,
				EC7F0EA825A057DF008EB88A /* HomeVC+UnderAlert.swift */,
				EC7F0EAB25A059AA008EB88A /* HomeVC+Protocols.swift */,
				EC7F0EAE25A09F24008EB88A /* AnswerDataForViewController.swift */,
			);
			path = VCs;
			sourceTree = "<group>";
		};
		EC813F712599F83D00BBCE25 /* Cells */ = {
			isa = PBXGroup;
			children = (
				EC813F7A2599F88D00BBCE25 /* PastCardCVC.swift */,
				EC813F7D2599F89A00BBCE25 /* NewCardCVC.swift */,
				EC813F802599F8A800BBCE25 /* AddCardCVC.swift */,
			);
			path = Cells;
			sourceTree = "<group>";
		};
		EC89E332259C4E2800DBAFE5 /* UnderTab */ = {
			isa = PBXGroup;
			children = (
				EC89E334259C4E4100DBAFE5 /* VCs */,
				EC89E333259C4E3000DBAFE5 /* Storyboards */,
			);
			path = UnderTab;
			sourceTree = "<group>";
		};
		EC89E333259C4E3000DBAFE5 /* Storyboards */ = {
			isa = PBXGroup;
			children = (
				EC89E335259C4E7400DBAFE5 /* UnderTab.storyboard */,
			);
			path = Storyboards;
			sourceTree = "<group>";
		};
		EC89E334259C4E4100DBAFE5 /* VCs */ = {
			isa = PBXGroup;
			children = (
				EC89E338259C507300DBAFE5 /* UnderTabBarController.swift */,
			);
			path = VCs;
			sourceTree = "<group>";
		};
		EC89E33D259C5E9D00DBAFE5 /* FlowLayouts */ = {
			isa = PBXGroup;
			children = (
				EC89E33E259C5EBB00DBAFE5 /* HomeCardCustomFlowLayout.swift */,
			);
			path = FlowLayouts;
			sourceTree = "<group>";
		};
		EC9C5CCB25A41E5F0021AF96 /* SignUp */ = {
			isa = PBXGroup;
			children = (
				EC9C5CCD25A41E7C0021AF96 /* VCs */,
				EC9C5CCC25A41E740021AF96 /* Storyboards */,
			);
			path = SignUp;
			sourceTree = "<group>";
		};
		EC9C5CCC25A41E740021AF96 /* Storyboards */ = {
			isa = PBXGroup;
			children = (
				EC9C5CCF25A41E8D0021AF96 /* SignUp.storyboard */,
			);
			path = Storyboards;
			sourceTree = "<group>";
		};
		EC9C5CCD25A41E7C0021AF96 /* VCs */ = {
			isa = PBXGroup;
			children = (
				EC9C5CD225A41EAA0021AF96 /* SignUpVC.swift */,
				EC5C1FFB25A43E1A008EE335 /* SignUpControlVC.swift */,
				EC5C1FFF25A43FA5008EE335 /* SignUpPVC.swift */,
				EC5C200225A43FD0008EE335 /* SignUpProfileVC.swift */,
				EC71C84B25A7769B00F51FEC /* ShittyImageCropVC.swift */,
				EC71C84E25A778CE00F51FEC /* SignUpCropVC.swift */,
			);
			path = VCs;
			sourceTree = "<group>";
		};
/* End PBXGroup section */

/* Begin PBXNativeTarget section */
		EC813F1F2599A15100BBCE25 /* BeMe */ = {
			isa = PBXNativeTarget;
			buildConfigurationList = EC813F342599A15200BBCE25 /* Build configuration list for PBXNativeTarget "BeMe" */;
			buildPhases = (
				C730CBC36966F962444FBC91 /* [CP] Check Pods Manifest.lock */,
				EC813F1C2599A15100BBCE25 /* Sources */,
				EC813F1D2599A15100BBCE25 /* Frameworks */,
				EC813F1E2599A15100BBCE25 /* Resources */,
				4283DC1BF9536B924A7674FB /* [CP] Embed Pods Frameworks */,
			);
			buildRules = (
			);
			dependencies = (
			);
			name = BeMe;
			productName = BeMe;
			productReference = EC813F202599A15100BBCE25 /* BeMe.app */;
			productType = "com.apple.product-type.application";
		};
/* End PBXNativeTarget section */

/* Begin PBXProject section */
		EC813F182599A15100BBCE25 /* Project object */ = {
			isa = PBXProject;
			attributes = {
				LastSwiftUpdateCheck = 1230;
				LastUpgradeCheck = 1230;
				TargetAttributes = {
					EC813F1F2599A15100BBCE25 = {
						CreatedOnToolsVersion = 12.3;
					};
				};
			};
			buildConfigurationList = EC813F1B2599A15100BBCE25 /* Build configuration list for PBXProject "BeMe" */;
			compatibilityVersion = "Xcode 9.3";
			developmentRegion = en;
			hasScannedForEncodings = 0;
			knownRegions = (
				en,
				Base,
			);
			mainGroup = EC813F172599A15100BBCE25;
			productRefGroup = EC813F212599A15100BBCE25 /* Products */;
			projectDirPath = "";
			projectRoot = "";
			targets = (
				EC813F1F2599A15100BBCE25 /* BeMe */,
			);
		};
/* End PBXProject section */

/* Begin PBXResourcesBuildPhase section */
		EC813F1E2599A15100BBCE25 /* Resources */ = {
			isa = PBXResourcesBuildPhase;
			buildActionMask = 2147483647;
			files = (
				EC89E306259C1CA600DBAFE5 /* FollowSearch.storyboard in Resources */,
				D492E43525A0E14C0088A181 /* CustomActionSheet.storyboard in Resources */,
				EC7C160F259B8B8100A5BA4C /* Following.storyboard in Resources */,
				D4E07CB9259F22C10075E616 /* Explore.storyboard in Resources */,
				EC5C200A25A47208008EE335 /* LogIn.storyboard in Resources */,
				A578D4E1259E727C00F69908 /* Answer.storyboard in Resources */,
				A578D4F025A0C4E600F69908 /* Mypage.storyboard in Resources */,
				EC7C1618259B933F00A5BA4C /* FollowInfo.storyboard in Resources */,
				EC813F302599A15200BBCE25 /* LaunchScreen.storyboard in Resources */,
				EC813F2D2599A15200BBCE25 /* Assets.xcassets in Resources */,
				EC813F2B2599A15100BBCE25 /* Main.storyboard in Resources */,
				EC9C5CD025A41E8D0021AF96 /* SignUp.storyboard in Resources */,
				EC813F732599F84F00BBCE25 /* Home.storyboard in Resources */,
				EC89E336259C4E7400DBAFE5 /* UnderTab.storyboard in Resources */,
				EC7FEFA525A38AE200C61147 /* Search.storyboard in Resources */,
			);
			runOnlyForDeploymentPostprocessing = 0;
		};
/* End PBXResourcesBuildPhase section */

/* Begin PBXShellScriptBuildPhase section */
		4283DC1BF9536B924A7674FB /* [CP] Embed Pods Frameworks */ = {
			isa = PBXShellScriptBuildPhase;
			buildActionMask = 2147483647;
			files = (
			);
			inputFileListPaths = (
				"${PODS_ROOT}/Target Support Files/Pods-BeMe/Pods-BeMe-frameworks-${CONFIGURATION}-input-files.xcfilelist",
			);
			name = "[CP] Embed Pods Frameworks";
			outputFileListPaths = (
				"${PODS_ROOT}/Target Support Files/Pods-BeMe/Pods-BeMe-frameworks-${CONFIGURATION}-output-files.xcfilelist",
			);
			runOnlyForDeploymentPostprocessing = 0;
			shellPath = /bin/sh;
			shellScript = "\"${PODS_ROOT}/Target Support Files/Pods-BeMe/Pods-BeMe-frameworks.sh\"\n";
			showEnvVarsInLog = 0;
		};
		C730CBC36966F962444FBC91 /* [CP] Check Pods Manifest.lock */ = {
			isa = PBXShellScriptBuildPhase;
			buildActionMask = 2147483647;
			files = (
			);
			inputFileListPaths = (
			);
			inputPaths = (
				"${PODS_PODFILE_DIR_PATH}/Podfile.lock",
				"${PODS_ROOT}/Manifest.lock",
			);
			name = "[CP] Check Pods Manifest.lock";
			outputFileListPaths = (
			);
			outputPaths = (
				"$(DERIVED_FILE_DIR)/Pods-BeMe-checkManifestLockResult.txt",
			);
			runOnlyForDeploymentPostprocessing = 0;
			shellPath = /bin/sh;
			shellScript = "diff \"${PODS_PODFILE_DIR_PATH}/Podfile.lock\" \"${PODS_ROOT}/Manifest.lock\" > /dev/null\nif [ $? != 0 ] ; then\n    # print error to STDERR\n    echo \"error: The sandbox is not in sync with the Podfile.lock. Run 'pod install' or update your CocoaPods installation.\" >&2\n    exit 1\nfi\n# This output is used by Xcode 'outputs' to avoid re-running this script phase.\necho \"SUCCESS\" > \"${SCRIPT_OUTPUT_FILE_0}\"\n";
			showEnvVarsInLog = 0;
		};
/* End PBXShellScriptBuildPhase section */

/* Begin PBXSourcesBuildPhase section */
		EC813F1C2599A15100BBCE25 /* Sources */ = {
			isa = PBXSourcesBuildPhase;
			buildActionMask = 2147483647;
			files = (
				A57F709025A1ACE400152E89 /* MypageProfileCRV.swift in Sources */,
				D4E07CBE259F22C10075E616 /* ArticleTVC.swift in Sources */,
				EC7FEFAE25A3901100C61147 /* SearchNewTVC.swift in Sources */,
				D492E43B25A0E6250088A181 /* DetailMoreTVC.swift in Sources */,
				EC5C1FFC25A43E1A008EE335 /* SignUpControlVC.swift in Sources */,
				EC89E313259C27DF00DBAFE5 /* FollowingSearchCVC.swift in Sources */,
				EC813F462599A44F00BBCE25 /* GenericResponse.swift in Sources */,
				EC75A23225A8664200F4E160 /* HomeDeleteAnswerService.swift in Sources */,
				EC7C1624259B9CA500A5BA4C /* FollowingHeaderCVC.swift in Sources */,
				EC71C83025A5A2E300F51FEC /* HomePageData.swift in Sources */,
				EC737F19259D867A0035207F /* CustomTodayCardView.swift in Sources */,
				EC89E31C259C281F00DBAFE5 /* FollowerListCVC.swift in Sources */,
				A578D4F325A0C51400F69908 /* MypageVC.swift in Sources */,
				EC7FEFB125A39B7000C61147 /* UITextField+Extensions.swift in Sources */,
				EC5C1FF625A433EE008EE335 /* String+Extensions.swift in Sources */,
				EC7C163A259BAD2D00A5BA4C /* FollowerCardCVC.swift in Sources */,
				EC813F7E2599F89A00BBCE25 /* NewCardCVC.swift in Sources */,
				EC7C1601259B469D00A5BA4C /* UIViewController+Extensions.swift in Sources */,
				D4E07CBD259F22C10075E616 /* CategoryCVC.swift in Sources */,
				EC813F432599A42700BBCE25 /* APIConstants.swift in Sources */,
				EC813F7B2599F88D00BBCE25 /* PastCardCVC.swift in Sources */,
				EC7F0EAF25A09F24008EB88A /* AnswerDataForViewController.swift in Sources */,
				EC7C1612259B8BA100A5BA4C /* FollowingVC.swift in Sources */,
				EC71C84C25A7769B00F51FEC /* ShittyImageCropVC.swift in Sources */,
				EC5C200025A43FA5008EE335 /* SignUpPVC.swift in Sources */,
				D492E42F25A0CE5E0088A181 /* AnswerTVC.swift in Sources */,
				D492E44025A0E6A80088A181 /* UITableView+Extensions.swift in Sources */,
				EC5C200325A43FD0008EE335 /* SignUpProfileVC.swift in Sources */,
				EC737F1C259D8B9E0035207F /* CustomAddCardView.swift in Sources */,
				A578D4E4259E728500F69908 /* AnswerVC.swift in Sources */,
				EC7C1631259BACF100A5BA4C /* FollowerPeopleCVC.swift in Sources */,
				EC71C84125A5B1BA00F51FEC /* HomeNewQuestionData.swift in Sources */,
				EC89E32E259C496C00DBAFE5 /* FollowMoreButtonCVC.swift in Sources */,
				D4E07CBB259F22C10075E616 /* CategoryTVC.swift in Sources */,
				EC89E339259C507300DBAFE5 /* UnderTabBarController.swift in Sources */,
				D4E07CBC259F22C10075E616 /* DiffThoughtCVC.swift in Sources */,
				EC89E33F259C5EBB00DBAFE5 /* HomeCardCustomFlowLayout.swift in Sources */,
				D492E43825A0E16D0088A181 /* CustomActionSheet.swift in Sources */,
				EC813F282599A15100BBCE25 /* ViewController.swift in Sources */,
				EC7C1615259B925A00A5BA4C /* FollowingPVC.swift in Sources */,
				EC813F772599F86900BBCE25 /* HomeVC.swift in Sources */,
				EC813F812599F8A800BBCE25 /* AddCardCVC.swift in Sources */,
				EC7FEFA825A38AF100C61147 /* SearchVC.swift in Sources */,
				EC89E319259C281100DBAFE5 /* FollowerSearchCVC.swift in Sources */,
				EC7C1627259B9CE200A5BA4C /* FollowingCardCVC.swift in Sources */,
				EC71C84F25A778CE00F51FEC /* SignUpCropVC.swift in Sources */,
				EC5C202325A4C818008EE335 /* LogInData.swift in Sources */,
				EC71C83525A5A41800F51FEC /* HomePageDataService.swift in Sources */,
				EC89E30C259C273400DBAFE5 /* FollowingSearchVC.swift in Sources */,
				EC7C1605259B485D00A5BA4C /* CustomAlertView.swift in Sources */,
				EC89E316259C280200DBAFE5 /* FollowingListCVC.swift in Sources */,
				EC5C201A25A49D7E008EE335 /* SignUpData.swift in Sources */,
				D4F01029259C7A8000AA3EE8 /* ExploreVC.swift in Sources */,
				EC7C1637259BAD1A00A5BA4C /* FollowerHeaderCVC.swift in Sources */,
				EC7F0EAC25A059AA008EB88A /* HomeVC+Protocols.swift in Sources */,
				EC737F21259DB2C40035207F /* FollowUpperCVC.swift in Sources */,
				EC89E31F259C2B0800DBAFE5 /* FollowingSearchPVC.swift in Sources */,
				EC7C1621259B9B8800A5BA4C /* FollowingPersonCVC.swift in Sources */,
				EC7C162A259BA01200A5BA4C /* FollowerInfoVC.swift in Sources */,
				D4E5FD37259E710200C57950 /* UIButton+Extensions.swift in Sources */,
				EC5C200D25A4721E008EE335 /* LogInVC.swift in Sources */,
				EC89E322259C376500DBAFE5 /* FollowPeopleCVC.swift in Sources */,
				EC7C161B259B9A9200A5BA4C /* FollowingInfoVC.swift in Sources */,
				EC5C201525A49CD5008EE335 /* SignUpService.swift in Sources */,
				A5CCCDA125A33512008A3125 /* MypageOthersScrapTVC.swift in Sources */,
				EC89E325259C377400DBAFE5 /* FollowPersonCVC.swift in Sources */,
				EC813F492599A59500BBCE25 /* NetworkResult.swift in Sources */,
				EC75A22C25A81AB100F4E160 /* HomeChangeQuestionService.swift in Sources */,
				A57F708925A1AC8F00152E89 /* MypageSearchTVC.swift in Sources */,
				A5CCCD9E25A334EA008A3125 /* MypageMyScrapTVC.swift in Sources */,
				EC7F0EA925A057DF008EB88A /* HomeVC+UnderAlert.swift in Sources */,
				EC7C161E259B9B0F00A5BA4C /* FollowingPeopleCVC.swift in Sources */,
				EC813F612599F3E900BBCE25 /* UIColor+Extensions.swift in Sources */,
				EC813F242599A15100BBCE25 /* AppDelegate.swift in Sources */,
				A57F708C25A1ACB100152E89 /* MypageResultTVC.swift in Sources */,
				D4E07CBA259F22C10075E616 /* MoreTVC.swift in Sources */,
				D492E41A25A0A0DE0088A181 /* ExploreDetailVC.swift in Sources */,
				EC7F0EA125A05460008EB88A /* CustomHomeActionSheetAlert.swift in Sources */,
				EC7FEFAB25A38FE200C61147 /* SearchRecentTVC.swift in Sources */,
				EC75A22F25A85DE800F4E160 /* HomeChangePublicService.swift in Sources */,
				EC5C201F25A4C7EB008EE335 /* LogInService.swift in Sources */,
				EC9C5CD325A41EAA0021AF96 /* SignUpVC.swift in Sources */,
				EC75A22925A8149900F4E160 /* HomeNewQuestionService.swift in Sources */,
				EC89E32B259C378F00DBAFE5 /* FollowCardCVC.swift in Sources */,
				EC813F652599F40800BBCE25 /* UIView+Extensions.swift in Sources */,
				EC89E309259C1CC700DBAFE5 /* FollowSearchVC.swift in Sources */,
				EC89E328259C378300DBAFE5 /* FollowHeaderCVC.swift in Sources */,
				EC813F262599A15100BBCE25 /* SceneDelegate.swift in Sources */,
				EC89E30F259C274200DBAFE5 /* FollowerSearchVC.swift in Sources */,
				EC7C1634259BAD0600A5BA4C /* FollowerPersonCVC.swift in Sources */,
			);
			runOnlyForDeploymentPostprocessing = 0;
		};
/* End PBXSourcesBuildPhase section */

/* Begin PBXVariantGroup section */
		EC813F292599A15100BBCE25 /* Main.storyboard */ = {
			isa = PBXVariantGroup;
			children = (
				EC813F2A2599A15100BBCE25 /* Base */,
			);
			name = Main.storyboard;
			sourceTree = "<group>";
		};
		EC813F2E2599A15200BBCE25 /* LaunchScreen.storyboard */ = {
			isa = PBXVariantGroup;
			children = (
				EC813F2F2599A15200BBCE25 /* Base */,
			);
			name = LaunchScreen.storyboard;
			sourceTree = "<group>";
		};
/* End PBXVariantGroup section */

/* Begin XCBuildConfiguration section */
		EC813F322599A15200BBCE25 /* Debug */ = {
			isa = XCBuildConfiguration;
			buildSettings = {
				ALWAYS_SEARCH_USER_PATHS = NO;
				CLANG_ANALYZER_NONNULL = YES;
				CLANG_ANALYZER_NUMBER_OBJECT_CONVERSION = YES_AGGRESSIVE;
				CLANG_CXX_LANGUAGE_STANDARD = "gnu++14";
				CLANG_CXX_LIBRARY = "libc++";
				CLANG_ENABLE_MODULES = YES;
				CLANG_ENABLE_OBJC_ARC = YES;
				CLANG_ENABLE_OBJC_WEAK = YES;
				CLANG_WARN_BLOCK_CAPTURE_AUTORELEASING = YES;
				CLANG_WARN_BOOL_CONVERSION = YES;
				CLANG_WARN_COMMA = YES;
				CLANG_WARN_CONSTANT_CONVERSION = YES;
				CLANG_WARN_DEPRECATED_OBJC_IMPLEMENTATIONS = YES;
				CLANG_WARN_DIRECT_OBJC_ISA_USAGE = YES_ERROR;
				CLANG_WARN_DOCUMENTATION_COMMENTS = YES;
				CLANG_WARN_EMPTY_BODY = YES;
				CLANG_WARN_ENUM_CONVERSION = YES;
				CLANG_WARN_INFINITE_RECURSION = YES;
				CLANG_WARN_INT_CONVERSION = YES;
				CLANG_WARN_NON_LITERAL_NULL_CONVERSION = YES;
				CLANG_WARN_OBJC_IMPLICIT_RETAIN_SELF = YES;
				CLANG_WARN_OBJC_LITERAL_CONVERSION = YES;
				CLANG_WARN_OBJC_ROOT_CLASS = YES_ERROR;
				CLANG_WARN_QUOTED_INCLUDE_IN_FRAMEWORK_HEADER = YES;
				CLANG_WARN_RANGE_LOOP_ANALYSIS = YES;
				CLANG_WARN_STRICT_PROTOTYPES = YES;
				CLANG_WARN_SUSPICIOUS_MOVE = YES;
				CLANG_WARN_UNGUARDED_AVAILABILITY = YES_AGGRESSIVE;
				CLANG_WARN_UNREACHABLE_CODE = YES;
				CLANG_WARN__DUPLICATE_METHOD_MATCH = YES;
				COPY_PHASE_STRIP = NO;
				DEBUG_INFORMATION_FORMAT = dwarf;
				ENABLE_STRICT_OBJC_MSGSEND = YES;
				ENABLE_TESTABILITY = YES;
				GCC_C_LANGUAGE_STANDARD = gnu11;
				GCC_DYNAMIC_NO_PIC = NO;
				GCC_NO_COMMON_BLOCKS = YES;
				GCC_OPTIMIZATION_LEVEL = 0;
				GCC_PREPROCESSOR_DEFINITIONS = (
					"DEBUG=1",
					"$(inherited)",
				);
				GCC_WARN_64_TO_32_BIT_CONVERSION = YES;
				GCC_WARN_ABOUT_RETURN_TYPE = YES_ERROR;
				GCC_WARN_UNDECLARED_SELECTOR = YES;
				GCC_WARN_UNINITIALIZED_AUTOS = YES_AGGRESSIVE;
				GCC_WARN_UNUSED_FUNCTION = YES;
				GCC_WARN_UNUSED_VARIABLE = YES;
				IPHONEOS_DEPLOYMENT_TARGET = 13.5;
				MTL_ENABLE_DEBUG_INFO = INCLUDE_SOURCE;
				MTL_FAST_MATH = YES;
				ONLY_ACTIVE_ARCH = YES;
				SDKROOT = iphoneos;
				SWIFT_ACTIVE_COMPILATION_CONDITIONS = DEBUG;
				SWIFT_OPTIMIZATION_LEVEL = "-Onone";
			};
			name = Debug;
		};
		EC813F332599A15200BBCE25 /* Release */ = {
			isa = XCBuildConfiguration;
			buildSettings = {
				ALWAYS_SEARCH_USER_PATHS = NO;
				CLANG_ANALYZER_NONNULL = YES;
				CLANG_ANALYZER_NUMBER_OBJECT_CONVERSION = YES_AGGRESSIVE;
				CLANG_CXX_LANGUAGE_STANDARD = "gnu++14";
				CLANG_CXX_LIBRARY = "libc++";
				CLANG_ENABLE_MODULES = YES;
				CLANG_ENABLE_OBJC_ARC = YES;
				CLANG_ENABLE_OBJC_WEAK = YES;
				CLANG_WARN_BLOCK_CAPTURE_AUTORELEASING = YES;
				CLANG_WARN_BOOL_CONVERSION = YES;
				CLANG_WARN_COMMA = YES;
				CLANG_WARN_CONSTANT_CONVERSION = YES;
				CLANG_WARN_DEPRECATED_OBJC_IMPLEMENTATIONS = YES;
				CLANG_WARN_DIRECT_OBJC_ISA_USAGE = YES_ERROR;
				CLANG_WARN_DOCUMENTATION_COMMENTS = YES;
				CLANG_WARN_EMPTY_BODY = YES;
				CLANG_WARN_ENUM_CONVERSION = YES;
				CLANG_WARN_INFINITE_RECURSION = YES;
				CLANG_WARN_INT_CONVERSION = YES;
				CLANG_WARN_NON_LITERAL_NULL_CONVERSION = YES;
				CLANG_WARN_OBJC_IMPLICIT_RETAIN_SELF = YES;
				CLANG_WARN_OBJC_LITERAL_CONVERSION = YES;
				CLANG_WARN_OBJC_ROOT_CLASS = YES_ERROR;
				CLANG_WARN_QUOTED_INCLUDE_IN_FRAMEWORK_HEADER = YES;
				CLANG_WARN_RANGE_LOOP_ANALYSIS = YES;
				CLANG_WARN_STRICT_PROTOTYPES = YES;
				CLANG_WARN_SUSPICIOUS_MOVE = YES;
				CLANG_WARN_UNGUARDED_AVAILABILITY = YES_AGGRESSIVE;
				CLANG_WARN_UNREACHABLE_CODE = YES;
				CLANG_WARN__DUPLICATE_METHOD_MATCH = YES;
				COPY_PHASE_STRIP = NO;
				DEBUG_INFORMATION_FORMAT = "dwarf-with-dsym";
				ENABLE_NS_ASSERTIONS = NO;
				ENABLE_STRICT_OBJC_MSGSEND = YES;
				GCC_C_LANGUAGE_STANDARD = gnu11;
				GCC_NO_COMMON_BLOCKS = YES;
				GCC_WARN_64_TO_32_BIT_CONVERSION = YES;
				GCC_WARN_ABOUT_RETURN_TYPE = YES_ERROR;
				GCC_WARN_UNDECLARED_SELECTOR = YES;
				GCC_WARN_UNINITIALIZED_AUTOS = YES_AGGRESSIVE;
				GCC_WARN_UNUSED_FUNCTION = YES;
				GCC_WARN_UNUSED_VARIABLE = YES;
				IPHONEOS_DEPLOYMENT_TARGET = 13.5;
				MTL_ENABLE_DEBUG_INFO = NO;
				MTL_FAST_MATH = YES;
				SDKROOT = iphoneos;
				SWIFT_COMPILATION_MODE = wholemodule;
				SWIFT_OPTIMIZATION_LEVEL = "-O";
				VALIDATE_PRODUCT = YES;
			};
			name = Release;
		};
		EC813F352599A15200BBCE25 /* Debug */ = {
			isa = XCBuildConfiguration;
			baseConfigurationReference = 3A09AD0A5B04C9B6819B2606 /* Pods-BeMe.debug.xcconfig */;
			buildSettings = {
				ASSETCATALOG_COMPILER_APPICON_NAME = AppIcon;
				ASSETCATALOG_COMPILER_GLOBAL_ACCENT_COLOR_NAME = AccentColor;
				CODE_SIGN_STYLE = Automatic;
				DEVELOPMENT_TEAM = 6ZTQ76LJPZ;
				INFOPLIST_FILE = BeMe/Info.plist;
				LD_RUNPATH_SEARCH_PATHS = (
					"$(inherited)",
					"@executable_path/Frameworks",
				);
				PRODUCT_BUNDLE_IDENTIFIER = YunaeKim.BeMe;
				PRODUCT_NAME = "$(TARGET_NAME)";
				SWIFT_VERSION = 5.0;
				TARGETED_DEVICE_FAMILY = "1,2";
			};
			name = Debug;
		};
		EC813F362599A15200BBCE25 /* Release */ = {
			isa = XCBuildConfiguration;
			baseConfigurationReference = 81614202856C8826262057FD /* Pods-BeMe.release.xcconfig */;
			buildSettings = {
				ASSETCATALOG_COMPILER_APPICON_NAME = AppIcon;
				ASSETCATALOG_COMPILER_GLOBAL_ACCENT_COLOR_NAME = AccentColor;
				CODE_SIGN_STYLE = Automatic;
				DEVELOPMENT_TEAM = 6ZTQ76LJPZ;
				INFOPLIST_FILE = BeMe/Info.plist;
				LD_RUNPATH_SEARCH_PATHS = (
					"$(inherited)",
					"@executable_path/Frameworks",
				);
				PRODUCT_BUNDLE_IDENTIFIER = YunaeKim.BeMe;
				PRODUCT_NAME = "$(TARGET_NAME)";
				SWIFT_VERSION = 5.0;
				TARGETED_DEVICE_FAMILY = "1,2";
			};
			name = Release;
		};
/* End XCBuildConfiguration section */

/* Begin XCConfigurationList section */
		EC813F1B2599A15100BBCE25 /* Build configuration list for PBXProject "BeMe" */ = {
			isa = XCConfigurationList;
			buildConfigurations = (
				EC813F322599A15200BBCE25 /* Debug */,
				EC813F332599A15200BBCE25 /* Release */,
			);
			defaultConfigurationIsVisible = 0;
			defaultConfigurationName = Release;
		};
		EC813F342599A15200BBCE25 /* Build configuration list for PBXNativeTarget "BeMe" */ = {
			isa = XCConfigurationList;
			buildConfigurations = (
				EC813F352599A15200BBCE25 /* Debug */,
				EC813F362599A15200BBCE25 /* Release */,
			);
			defaultConfigurationIsVisible = 0;
			defaultConfigurationName = Release;
		};
/* End XCConfigurationList section */
	};
	rootObject = EC813F182599A15100BBCE25 /* Project object */;
}
